// !$*UTF8*$!
{
	archiveVersion = 1;
	classes = {
	};
	objectVersion = 46;
	objects = {

/* Begin PBXBuildFile section */
		15B4D9EE4028962710AB4791 /* libPods.a in Frameworks */ = {isa = PBXBuildFile; fileRef = 4DCDA2041B10335EFBDE05AF /* libPods.a */; };
		239D41161B190FD000609105 /* CalendarTabImage.swift in Sources */ = {isa = PBXBuildFile; fileRef = 239D41151B190FD000609105 /* CalendarTabImage.swift */; };
		431C3D031B8F680400B0908E /* ContributorCell.swift in Sources */ = {isa = PBXBuildFile; fileRef = 431C3D001B8F680400B0908E /* ContributorCell.swift */; };
		431C3D051B8F680400B0908E /* ContributorsViewController.swift in Sources */ = {isa = PBXBuildFile; fileRef = 431C3D021B8F680400B0908E /* ContributorsViewController.swift */; };
		4A1978C21AAD8681000E281F /* Settings.bundle in Resources */ = {isa = PBXBuildFile; fileRef = 4A1978C11AAD8681000E281F /* Settings.bundle */; };
		4A7EEAF11AC5440C001C2827 /* ModelObjects.swift in Sources */ = {isa = PBXBuildFile; fileRef = 4A7EEAF01AC5440C001C2827 /* ModelObjects.swift */; };
		4A83A4AE1AAD8A290085416A /* ParseConfig.plist in Resources */ = {isa = PBXBuildFile; fileRef = 4A83A4AD1AAD8A290085416A /* ParseConfig.plist */; };
		7B6A74481B1452FD00A10762 /* MeetupCell.swift in Sources */ = {isa = PBXBuildFile; fileRef = 7B6A74461B1452FD00A10762 /* MeetupCell.swift */; };
		7B6A74491B1452FD00A10762 /* MeetupsViewController.swift in Sources */ = {isa = PBXBuildFile; fileRef = 7B6A74471B1452FD00A10762 /* MeetupsViewController.swift */; };
		7B6A744B1B1495FF00A10762 /* MeetupCell.xib in Resources */ = {isa = PBXBuildFile; fileRef = 7B6A744A1B1495FF00A10762 /* MeetupCell.xib */; };
		7B6A744D1B149A6B00A10762 /* UIImage+Resize.swift in Sources */ = {isa = PBXBuildFile; fileRef = 7B6A744C1B149A6B00A10762 /* UIImage+Resize.swift */; };
		7B6A744F1B162F8E00A10762 /* UIColor+Extensions.swift in Sources */ = {isa = PBXBuildFile; fileRef = 7B6A744E1B162F8E00A10762 /* UIColor+Extensions.swift */; };
		7B6A74541B179B4E00A10762 /* LogoCell.swift in Sources */ = {isa = PBXBuildFile; fileRef = 7B6A74531B179B4E00A10762 /* LogoCell.swift */; };
		7B6A74561B179B7D00A10762 /* MapViewCell.swift in Sources */ = {isa = PBXBuildFile; fileRef = 7B6A74551B179B7D00A10762 /* MapViewCell.swift */; };
		7B6A74581B179B9C00A10762 /* TitleCell.swift in Sources */ = {isa = PBXBuildFile; fileRef = 7B6A74571B179B9C00A10762 /* TitleCell.swift */; };
		7B6A745A1B179BC000A10762 /* WebViewCell.swift in Sources */ = {isa = PBXBuildFile; fileRef = 7B6A74591B179BC000A10762 /* WebViewCell.swift */; };
		7B6A745C1B182E9C00A10762 /* DetailDataSource.swift in Sources */ = {isa = PBXBuildFile; fileRef = 7B6A745B1B182E9C00A10762 /* DetailDataSource.swift */; };
		7B6A745E1B183D7900A10762 /* MeetupDataSource.swift in Sources */ = {isa = PBXBuildFile; fileRef = 7B6A745D1B183D7900A10762 /* MeetupDataSource.swift */; };
		7B6A74601B18406600A10762 /* JobDataSource.swift in Sources */ = {isa = PBXBuildFile; fileRef = 7B6A745F1B18406600A10762 /* JobDataSource.swift */; };
		7B6A74621B18424800A10762 /* CompanyDataSource.swift in Sources */ = {isa = PBXBuildFile; fileRef = 7B6A74611B18424800A10762 /* CompanyDataSource.swift */; };
		7B6A74661B18666D00A10762 /* FetchAffiliateLinks.swift in Sources */ = {isa = PBXBuildFile; fileRef = 7B6A74651B18666D00A10762 /* FetchAffiliateLinks.swift */; };
		7B6A74681B186C4A00A10762 /* AffiliateCell.swift in Sources */ = {isa = PBXBuildFile; fileRef = 7B6A74671B186C4A00A10762 /* AffiliateCell.swift */; };
		F1108BAA1B1F618700C2164C /* LocatedCompaniesViewController.swift in Sources */ = {isa = PBXBuildFile; fileRef = F1108BA91B1F618700C2164C /* LocatedCompaniesViewController.swift */; };
		F11455B91AB4BA0600546D22 /* DetailViewController.swift in Sources */ = {isa = PBXBuildFile; fileRef = F11455B81AB4BA0600546D22 /* DetailViewController.swift */; };
		F11455BB1AB4C8FB00546D22 /* MapAnnotation.swift in Sources */ = {isa = PBXBuildFile; fileRef = F11455BA1AB4C8FB00546D22 /* MapAnnotation.swift */; };
		F11455BF1AB4E8DB00546D22 /* SplitViewController.swift in Sources */ = {isa = PBXBuildFile; fileRef = F11455BE1AB4E8DB00546D22 /* SplitViewController.swift */; };
		F11455C11AB5024000546D22 /* TabBarController.swift in Sources */ = {isa = PBXBuildFile; fileRef = F11455C01AB5024000546D22 /* TabBarController.swift */; };
		F11E36281B1A570F000B61C0 /* CompanyTableViewController.swift in Sources */ = {isa = PBXBuildFile; fileRef = F11E36271B1A570F000B61C0 /* CompanyTableViewController.swift */; };
		F11E362A1B1A572F000B61C0 /* CompanyHighLightViewController.swift in Sources */ = {isa = PBXBuildFile; fileRef = F11E36291B1A572F000B61C0 /* CompanyHighLightViewController.swift */; };
		F14335AB1AAF277C0007D009 /* CompaniesNearbyCollectionViewController.swift in Sources */ = {isa = PBXBuildFile; fileRef = F14335AA1AAF277C0007D009 /* CompaniesNearbyCollectionViewController.swift */; };
		F166C3551B189E1700D6F7FD /* CompaniesNearbyCollectionViewCell.swift in Sources */ = {isa = PBXBuildFile; fileRef = F166C3541B189E1700D6F7FD /* CompaniesNearbyCollectionViewCell.swift */; };
		F166C3571B18A36D00D6F7FD /* JobsCollectionViewCell.swift in Sources */ = {isa = PBXBuildFile; fileRef = F166C3561B18A36D00D6F7FD /* JobsCollectionViewCell.swift */; };
		F17A38771ABF3B62005CFF8A /* MapKit.framework in Frameworks */ = {isa = PBXBuildFile; fileRef = F17A38761ABF3B62005CFF8A /* MapKit.framework */; };
		F18BA8261B1D08DF00CB81CD /* CompanyHighLightCollectionViewCell.swift in Sources */ = {isa = PBXBuildFile; fileRef = F18BA8251B1D08DF00CB81CD /* CompanyHighLightCollectionViewCell.swift */; };
		F1A46D181AAB50BB00585D61 /* AppDelegate.swift in Sources */ = {isa = PBXBuildFile; fileRef = F1A46D171AAB50BB00585D61 /* AppDelegate.swift */; };
		F1A46D1F1AAB50BB00585D61 /* Main.storyboard in Resources */ = {isa = PBXBuildFile; fileRef = F1A46D1D1AAB50BB00585D61 /* Main.storyboard */; };
		F1A46D211AAB50BB00585D61 /* Images.xcassets in Resources */ = {isa = PBXBuildFile; fileRef = F1A46D201AAB50BB00585D61 /* Images.xcassets */; };
		F1A46D241AAB50BB00585D61 /* LaunchScreen.xib in Resources */ = {isa = PBXBuildFile; fileRef = F1A46D221AAB50BB00585D61 /* LaunchScreen.xib */; };
		F1A46D301AAB50BB00585D61 /* CocoaHeadsNLTests.swift in Sources */ = {isa = PBXBuildFile; fileRef = F1A46D2F1AAB50BB00585D61 /* CocoaHeadsNLTests.swift */; };
		F1A46D3D1AAB516300585D61 /* JobsViewController.swift in Sources */ = {isa = PBXBuildFile; fileRef = F1A46D3C1AAB516300585D61 /* JobsViewController.swift */; };
		F1CF120F1B8A0C0600EBCABC /* CoreLocationController.swift in Sources */ = {isa = PBXBuildFile; fileRef = F1CF120E1B8A0C0600EBCABC /* CoreLocationController.swift */; };
/* End PBXBuildFile section */

/* Begin PBXContainerItemProxy section */
		F1A46D2A1AAB50BB00585D61 /* PBXContainerItemProxy */ = {
			isa = PBXContainerItemProxy;
			containerPortal = F1A46D0A1AAB50BB00585D61 /* Project object */;
			proxyType = 1;
			remoteGlobalIDString = F1A46D111AAB50BB00585D61;
			remoteInfo = CocoaHeadsNL;
		};
/* End PBXContainerItemProxy section */

/* Begin PBXFileReference section */
		239D41151B190FD000609105 /* CalendarTabImage.swift */ = {isa = PBXFileReference; fileEncoding = 4; lastKnownFileType = sourcecode.swift; path = CalendarTabImage.swift; sourceTree = "<group>"; };
		431C3D001B8F680400B0908E /* ContributorCell.swift */ = {isa = PBXFileReference; fileEncoding = 4; lastKnownFileType = sourcecode.swift; path = ContributorCell.swift; sourceTree = "<group>"; };
		431C3D021B8F680400B0908E /* ContributorsViewController.swift */ = {isa = PBXFileReference; fileEncoding = 4; lastKnownFileType = sourcecode.swift; path = ContributorsViewController.swift; sourceTree = "<group>"; };
		4436EC308BD555A87E5A96C1 /* Pods.release.xcconfig */ = {isa = PBXFileReference; includeInIndex = 1; lastKnownFileType = text.xcconfig; name = Pods.release.xcconfig; path = "Pods/Target Support Files/Pods/Pods.release.xcconfig"; sourceTree = "<group>"; };
		4A1978C11AAD8681000E281F /* Settings.bundle */ = {isa = PBXFileReference; lastKnownFileType = "wrapper.plug-in"; path = Settings.bundle; sourceTree = "<group>"; };
		4A7EEAF01AC5440C001C2827 /* ModelObjects.swift */ = {isa = PBXFileReference; fileEncoding = 4; lastKnownFileType = sourcecode.swift; path = ModelObjects.swift; sourceTree = "<group>"; };
		4A83A4AD1AAD8A290085416A /* ParseConfig.plist */ = {isa = PBXFileReference; fileEncoding = 4; lastKnownFileType = text.plist.xml; path = ParseConfig.plist; sourceTree = "<group>"; };
		4AF8899A1AAD8EBC00D8DB2E /* CocoaHeadsNL-Bridging-Header.h */ = {isa = PBXFileReference; lastKnownFileType = sourcecode.c.h; path = "CocoaHeadsNL-Bridging-Header.h"; sourceTree = "<group>"; };
		4DCDA2041B10335EFBDE05AF /* libPods.a */ = {isa = PBXFileReference; explicitFileType = archive.ar; includeInIndex = 0; path = libPods.a; sourceTree = BUILT_PRODUCTS_DIR; };
		7B6A74461B1452FD00A10762 /* MeetupCell.swift */ = {isa = PBXFileReference; fileEncoding = 4; lastKnownFileType = sourcecode.swift; path = MeetupCell.swift; sourceTree = "<group>"; };
		7B6A74471B1452FD00A10762 /* MeetupsViewController.swift */ = {isa = PBXFileReference; fileEncoding = 4; lastKnownFileType = sourcecode.swift; path = MeetupsViewController.swift; sourceTree = "<group>"; };
		7B6A744A1B1495FF00A10762 /* MeetupCell.xib */ = {isa = PBXFileReference; fileEncoding = 4; lastKnownFileType = file.xib; path = MeetupCell.xib; sourceTree = "<group>"; };
		7B6A744C1B149A6B00A10762 /* UIImage+Resize.swift */ = {isa = PBXFileReference; fileEncoding = 4; lastKnownFileType = sourcecode.swift; path = "UIImage+Resize.swift"; sourceTree = "<group>"; };
		7B6A744E1B162F8E00A10762 /* UIColor+Extensions.swift */ = {isa = PBXFileReference; fileEncoding = 4; lastKnownFileType = sourcecode.swift; path = "UIColor+Extensions.swift"; sourceTree = "<group>"; };
		7B6A74531B179B4E00A10762 /* LogoCell.swift */ = {isa = PBXFileReference; fileEncoding = 4; lastKnownFileType = sourcecode.swift; path = LogoCell.swift; sourceTree = "<group>"; };
		7B6A74551B179B7D00A10762 /* MapViewCell.swift */ = {isa = PBXFileReference; fileEncoding = 4; lastKnownFileType = sourcecode.swift; path = MapViewCell.swift; sourceTree = "<group>"; };
		7B6A74571B179B9C00A10762 /* TitleCell.swift */ = {isa = PBXFileReference; fileEncoding = 4; lastKnownFileType = sourcecode.swift; path = TitleCell.swift; sourceTree = "<group>"; };
		7B6A74591B179BC000A10762 /* WebViewCell.swift */ = {isa = PBXFileReference; fileEncoding = 4; lastKnownFileType = sourcecode.swift; path = WebViewCell.swift; sourceTree = "<group>"; };
		7B6A745B1B182E9C00A10762 /* DetailDataSource.swift */ = {isa = PBXFileReference; fileEncoding = 4; lastKnownFileType = sourcecode.swift; path = DetailDataSource.swift; sourceTree = "<group>"; };
		7B6A745D1B183D7900A10762 /* MeetupDataSource.swift */ = {isa = PBXFileReference; fileEncoding = 4; lastKnownFileType = sourcecode.swift; path = MeetupDataSource.swift; sourceTree = "<group>"; };
		7B6A745F1B18406600A10762 /* JobDataSource.swift */ = {isa = PBXFileReference; fileEncoding = 4; lastKnownFileType = sourcecode.swift; path = JobDataSource.swift; sourceTree = "<group>"; };
		7B6A74611B18424800A10762 /* CompanyDataSource.swift */ = {isa = PBXFileReference; fileEncoding = 4; lastKnownFileType = sourcecode.swift; path = CompanyDataSource.swift; sourceTree = "<group>"; };
		7B6A74651B18666D00A10762 /* FetchAffiliateLinks.swift */ = {isa = PBXFileReference; fileEncoding = 4; lastKnownFileType = sourcecode.swift; path = FetchAffiliateLinks.swift; sourceTree = "<group>"; };
		7B6A74671B186C4A00A10762 /* AffiliateCell.swift */ = {isa = PBXFileReference; fileEncoding = 4; lastKnownFileType = sourcecode.swift; path = AffiliateCell.swift; sourceTree = "<group>"; };
		F1108BA91B1F618700C2164C /* LocatedCompaniesViewController.swift */ = {isa = PBXFileReference; fileEncoding = 4; lastKnownFileType = sourcecode.swift; path = LocatedCompaniesViewController.swift; sourceTree = "<group>"; };
		F11455B81AB4BA0600546D22 /* DetailViewController.swift */ = {isa = PBXFileReference; fileEncoding = 4; lastKnownFileType = sourcecode.swift; path = DetailViewController.swift; sourceTree = "<group>"; };
		F11455BA1AB4C8FB00546D22 /* MapAnnotation.swift */ = {isa = PBXFileReference; fileEncoding = 4; lastKnownFileType = sourcecode.swift; path = MapAnnotation.swift; sourceTree = "<group>"; };
		F11455BE1AB4E8DB00546D22 /* SplitViewController.swift */ = {isa = PBXFileReference; fileEncoding = 4; lastKnownFileType = sourcecode.swift; path = SplitViewController.swift; sourceTree = "<group>"; };
		F11455C01AB5024000546D22 /* TabBarController.swift */ = {isa = PBXFileReference; fileEncoding = 4; lastKnownFileType = sourcecode.swift; path = TabBarController.swift; sourceTree = "<group>"; };
		F11E36271B1A570F000B61C0 /* CompanyTableViewController.swift */ = {isa = PBXFileReference; fileEncoding = 4; lastKnownFileType = sourcecode.swift; path = CompanyTableViewController.swift; sourceTree = "<group>"; };
		F11E36291B1A572F000B61C0 /* CompanyHighLightViewController.swift */ = {isa = PBXFileReference; fileEncoding = 4; lastKnownFileType = sourcecode.swift; path = CompanyHighLightViewController.swift; sourceTree = "<group>"; };
		F14335AA1AAF277C0007D009 /* CompaniesNearbyCollectionViewController.swift */ = {isa = PBXFileReference; fileEncoding = 4; lastKnownFileType = sourcecode.swift; path = CompaniesNearbyCollectionViewController.swift; sourceTree = "<group>"; };
		F166C3541B189E1700D6F7FD /* CompaniesNearbyCollectionViewCell.swift */ = {isa = PBXFileReference; fileEncoding = 4; lastKnownFileType = sourcecode.swift; path = CompaniesNearbyCollectionViewCell.swift; sourceTree = "<group>"; };
		F166C3561B18A36D00D6F7FD /* JobsCollectionViewCell.swift */ = {isa = PBXFileReference; fileEncoding = 4; lastKnownFileType = sourcecode.swift; path = JobsCollectionViewCell.swift; sourceTree = "<group>"; };
		F17A38761ABF3B62005CFF8A /* MapKit.framework */ = {isa = PBXFileReference; lastKnownFileType = wrapper.framework; name = MapKit.framework; path = System/Library/Frameworks/MapKit.framework; sourceTree = SDKROOT; };
		F18BA8251B1D08DF00CB81CD /* CompanyHighLightCollectionViewCell.swift */ = {isa = PBXFileReference; fileEncoding = 4; lastKnownFileType = sourcecode.swift; path = CompanyHighLightCollectionViewCell.swift; sourceTree = "<group>"; };
		F1A46D121AAB50BB00585D61 /* CocoaHeadsNL.app */ = {isa = PBXFileReference; explicitFileType = wrapper.application; includeInIndex = 0; path = CocoaHeadsNL.app; sourceTree = BUILT_PRODUCTS_DIR; };
		F1A46D161AAB50BB00585D61 /* Info.plist */ = {isa = PBXFileReference; lastKnownFileType = text.plist.xml; path = Info.plist; sourceTree = "<group>"; };
		F1A46D171AAB50BB00585D61 /* AppDelegate.swift */ = {isa = PBXFileReference; lastKnownFileType = sourcecode.swift; path = AppDelegate.swift; sourceTree = "<group>"; };
		F1A46D1E1AAB50BB00585D61 /* Base */ = {isa = PBXFileReference; lastKnownFileType = file.storyboard; name = Base; path = Base.lproj/Main.storyboard; sourceTree = "<group>"; };
		F1A46D201AAB50BB00585D61 /* Images.xcassets */ = {isa = PBXFileReference; lastKnownFileType = folder.assetcatalog; path = Images.xcassets; sourceTree = "<group>"; };
		F1A46D231AAB50BB00585D61 /* Base */ = {isa = PBXFileReference; lastKnownFileType = file.xib; name = Base; path = Base.lproj/LaunchScreen.xib; sourceTree = "<group>"; };
		F1A46D291AAB50BB00585D61 /* CocoaHeadsNLTests.xctest */ = {isa = PBXFileReference; explicitFileType = wrapper.cfbundle; includeInIndex = 0; path = CocoaHeadsNLTests.xctest; sourceTree = BUILT_PRODUCTS_DIR; };
		F1A46D2E1AAB50BB00585D61 /* Info.plist */ = {isa = PBXFileReference; lastKnownFileType = text.plist.xml; path = Info.plist; sourceTree = "<group>"; };
		F1A46D2F1AAB50BB00585D61 /* CocoaHeadsNLTests.swift */ = {isa = PBXFileReference; lastKnownFileType = sourcecode.swift; path = CocoaHeadsNLTests.swift; sourceTree = "<group>"; };
		F1A46D3C1AAB516300585D61 /* JobsViewController.swift */ = {isa = PBXFileReference; fileEncoding = 4; lastKnownFileType = sourcecode.swift; path = JobsViewController.swift; sourceTree = "<group>"; };
		F1CF120E1B8A0C0600EBCABC /* CoreLocationController.swift */ = {isa = PBXFileReference; fileEncoding = 4; lastKnownFileType = sourcecode.swift; path = CoreLocationController.swift; sourceTree = "<group>"; };
		F6DAB6C2CE1C2A96434BAAE0 /* Pods.debug.xcconfig */ = {isa = PBXFileReference; includeInIndex = 1; lastKnownFileType = text.xcconfig; name = Pods.debug.xcconfig; path = "Pods/Target Support Files/Pods/Pods.debug.xcconfig"; sourceTree = "<group>"; };
/* End PBXFileReference section */

/* Begin PBXFrameworksBuildPhase section */
		F1A46D0F1AAB50BB00585D61 /* Frameworks */ = {
			isa = PBXFrameworksBuildPhase;
			buildActionMask = 2147483647;
			files = (
				F17A38771ABF3B62005CFF8A /* MapKit.framework in Frameworks */,
				15B4D9EE4028962710AB4791 /* libPods.a in Frameworks */,
			);
			runOnlyForDeploymentPostprocessing = 0;
		};
		F1A46D261AAB50BB00585D61 /* Frameworks */ = {
			isa = PBXFrameworksBuildPhase;
			buildActionMask = 2147483647;
			files = (
			);
			runOnlyForDeploymentPostprocessing = 0;
		};
/* End PBXFrameworksBuildPhase section */

/* Begin PBXGroup section */
		431C3CFF1B8F675200B0908E /* List of Contributors */ = {
			isa = PBXGroup;
			children = (
				431C3D001B8F680400B0908E /* ContributorCell.swift */,
				431C3D021B8F680400B0908E /* ContributorsViewController.swift */,
			);
			name = "List of Contributors";
			sourceTree = "<group>";
		};
		4A13831E1AC7F83D00E0D41E /* Viewing Details */ = {
			isa = PBXGroup;
			children = (
				F11455B81AB4BA0600546D22 /* DetailViewController.swift */,
				7B6A74631B18521900A10762 /* Data sources */,
				7B6A74641B18522600A10762 /* Cells */,
			);
			name = "Viewing Details";
			sourceTree = "<group>";
		};
		5F94B32C0E46149D436AD3B3 /* Frameworks */ = {
			isa = PBXGroup;
			children = (
				F17A38761ABF3B62005CFF8A /* MapKit.framework */,
				4DCDA2041B10335EFBDE05AF /* libPods.a */,
			);
			name = Frameworks;
			sourceTree = "<group>";
		};
		7B6A74501B176A2900A10762 /* Other Sources */ = {
			isa = PBXGroup;
			children = (
				4AF8899A1AAD8EBC00D8DB2E /* CocoaHeadsNL-Bridging-Header.h */,
				F1A46D171AAB50BB00585D61 /* AppDelegate.swift */,
				F1CF120E1B8A0C0600EBCABC /* CoreLocationController.swift */,
				F11455BE1AB4E8DB00546D22 /* SplitViewController.swift */,
				F11455C01AB5024000546D22 /* TabBarController.swift */,
				7B6A744E1B162F8E00A10762 /* UIColor+Extensions.swift */,
				7B6A744C1B149A6B00A10762 /* UIImage+Resize.swift */,
				239D41151B190FD000609105 /* CalendarTabImage.swift */,
			);
			name = "Other Sources";
			sourceTree = "<group>";
		};
		7B6A74511B176A4000A10762 /* Resources */ = {
			isa = PBXGroup;
			children = (
				F1A46D201AAB50BB00585D61 /* Images.xcassets */,
				F1A46D161AAB50BB00585D61 /* Info.plist */,
				F1A46D221AAB50BB00585D61 /* LaunchScreen.xib */,
				F1A46D1D1AAB50BB00585D61 /* Main.storyboard */,
				4A83A4AD1AAD8A290085416A /* ParseConfig.plist */,
				4A1978C11AAD8681000E281F /* Settings.bundle */,
			);
			name = Resources;
			sourceTree = "<group>";
		};
		7B6A74521B176B1900A10762 /* Data Model */ = {
			isa = PBXGroup;
			children = (
				4A7EEAF01AC5440C001C2827 /* ModelObjects.swift */,
			);
			name = "Data Model";
			sourceTree = "<group>";
		};
		7B6A74631B18521900A10762 /* Data sources */ = {
			isa = PBXGroup;
			children = (
				7B6A745B1B182E9C00A10762 /* DetailDataSource.swift */,
				7B6A74611B18424800A10762 /* CompanyDataSource.swift */,
				7B6A74651B18666D00A10762 /* FetchAffiliateLinks.swift */,
				7B6A745F1B18406600A10762 /* JobDataSource.swift */,
				7B6A745D1B183D7900A10762 /* MeetupDataSource.swift */,
			);
			name = "Data sources";
			sourceTree = "<group>";
		};
		7B6A74641B18522600A10762 /* Cells */ = {
			isa = PBXGroup;
			children = (
				7B6A74671B186C4A00A10762 /* AffiliateCell.swift */,
				7B6A74531B179B4E00A10762 /* LogoCell.swift */,
				F11455BA1AB4C8FB00546D22 /* MapAnnotation.swift */,
				7B6A74551B179B7D00A10762 /* MapViewCell.swift */,
				7B6A74571B179B9C00A10762 /* TitleCell.swift */,
				7B6A74591B179BC000A10762 /* WebViewCell.swift */,
			);
			name = Cells;
			sourceTree = "<group>";
		};
		D32210EB441EF5FCE54FC721 /* Pods */ = {
			isa = PBXGroup;
			children = (
				F6DAB6C2CE1C2A96434BAAE0 /* Pods.debug.xcconfig */,
				4436EC308BD555A87E5A96C1 /* Pods.release.xcconfig */,
			);
			name = Pods;
			sourceTree = "<group>";
		};
		F11455A81AB3256C00546D22 /* Open Job Postings */ = {
			isa = PBXGroup;
			children = (
				F1A46D3C1AAB516300585D61 /* JobsViewController.swift */,
				F166C3561B18A36D00D6F7FD /* JobsCollectionViewCell.swift */,
			);
			name = "Open Job Postings";
			sourceTree = "<group>";
		};
		F11455A91AB3257700546D22 /* List of Sponsors */ = {
			isa = PBXGroup;
			children = (
				F11E362B1B1A5817000B61C0 /* Companies Nearby */,
				F18BA8271B1D0E9800CB81CD /* Company HighLight */,
				F11E36271B1A570F000B61C0 /* CompanyTableViewController.swift */,
				F1108BA91B1F618700C2164C /* LocatedCompaniesViewController.swift */,
			);
			name = "List of Sponsors";
			sourceTree = "<group>";
		};
		F11455BD1AB4E8C000546D22 /* List of Meetups */ = {
			isa = PBXGroup;
			children = (
				7B6A74461B1452FD00A10762 /* MeetupCell.swift */,
				7B6A744A1B1495FF00A10762 /* MeetupCell.xib */,
				7B6A74471B1452FD00A10762 /* MeetupsViewController.swift */,
			);
			name = "List of Meetups";
			sourceTree = "<group>";
		};
		F11E362B1B1A5817000B61C0 /* Companies Nearby */ = {
			isa = PBXGroup;
			children = (
				F14335AA1AAF277C0007D009 /* CompaniesNearbyCollectionViewController.swift */,
				F166C3541B189E1700D6F7FD /* CompaniesNearbyCollectionViewCell.swift */,
			);
			name = "Companies Nearby";
			sourceTree = "<group>";
		};
		F18BA8271B1D0E9800CB81CD /* Company HighLight */ = {
			isa = PBXGroup;
			children = (
				F11E36291B1A572F000B61C0 /* CompanyHighLightViewController.swift */,
				F18BA8251B1D08DF00CB81CD /* CompanyHighLightCollectionViewCell.swift */,
			);
			name = "Company HighLight";
			sourceTree = "<group>";
		};
		F1A46D091AAB50BB00585D61 = {
			isa = PBXGroup;
			children = (
				F1A46D141AAB50BB00585D61 /* CocoaHeadsNL */,
				F1A46D2C1AAB50BB00585D61 /* CocoaHeadsNLTests */,
				F1A46D131AAB50BB00585D61 /* Products */,
				D32210EB441EF5FCE54FC721 /* Pods */,
				5F94B32C0E46149D436AD3B3 /* Frameworks */,
			);
			indentWidth = 4;
			sourceTree = "<group>";
			tabWidth = 4;
			usesTabs = 0;
		};
		F1A46D131AAB50BB00585D61 /* Products */ = {
			isa = PBXGroup;
			children = (
				F1A46D121AAB50BB00585D61 /* CocoaHeadsNL.app */,
				F1A46D291AAB50BB00585D61 /* CocoaHeadsNLTests.xctest */,
			);
			name = Products;
			sourceTree = "<group>";
		};
		F1A46D141AAB50BB00585D61 /* CocoaHeadsNL */ = {
			isa = PBXGroup;
			children = (
				7B6A74521B176B1900A10762 /* Data Model */,
				F11455BD1AB4E8C000546D22 /* List of Meetups */,
				F11455A81AB3256C00546D22 /* Open Job Postings */,
				F11455A91AB3257700546D22 /* List of Sponsors */,
				431C3CFF1B8F675200B0908E /* List of Contributors */,
				4A13831E1AC7F83D00E0D41E /* Viewing Details */,
				7B6A74501B176A2900A10762 /* Other Sources */,
				7B6A74511B176A4000A10762 /* Resources */,
			);
			path = CocoaHeadsNL;
			sourceTree = "<group>";
		};
		F1A46D2C1AAB50BB00585D61 /* CocoaHeadsNLTests */ = {
			isa = PBXGroup;
			children = (
				F1A46D2F1AAB50BB00585D61 /* CocoaHeadsNLTests.swift */,
				F1A46D2D1AAB50BB00585D61 /* Supporting Files */,
			);
			path = CocoaHeadsNLTests;
			sourceTree = "<group>";
		};
		F1A46D2D1AAB50BB00585D61 /* Supporting Files */ = {
			isa = PBXGroup;
			children = (
				F1A46D2E1AAB50BB00585D61 /* Info.plist */,
			);
			name = "Supporting Files";
			sourceTree = "<group>";
		};
/* End PBXGroup section */

/* Begin PBXNativeTarget section */
		F1A46D111AAB50BB00585D61 /* CocoaHeadsNL */ = {
			isa = PBXNativeTarget;
			buildConfigurationList = F1A46D331AAB50BB00585D61 /* Build configuration list for PBXNativeTarget "CocoaHeadsNL" */;
			buildPhases = (
				3910D079CE63A3847D51D0F8 /* Check Pods Manifest.lock */,
				F1A46D0E1AAB50BB00585D61 /* Sources */,
				F1A46D0F1AAB50BB00585D61 /* Frameworks */,
				F1A46D101AAB50BB00585D61 /* Resources */,
				727565FCCEFC1DF02A9848FC /* Copy Pods Resources */,
				4A83A4AF1AAD8CE70085416A /* Upload Symbolication info to Parse.com */,
				487CB34F98164857DD1383B2 /* Warn for TODO and FIXME comments */,
				484D9C0BBDD7B737044AFDBF /* Set version number */,
			);
			buildRules = (
			);
			dependencies = (
			);
			name = CocoaHeadsNL;
			productName = CocoaHeadsNL;
			productReference = F1A46D121AAB50BB00585D61 /* CocoaHeadsNL.app */;
			productType = "com.apple.product-type.application";
		};
		F1A46D281AAB50BB00585D61 /* CocoaHeadsNLTests */ = {
			isa = PBXNativeTarget;
			buildConfigurationList = F1A46D361AAB50BB00585D61 /* Build configuration list for PBXNativeTarget "CocoaHeadsNLTests" */;
			buildPhases = (
				F1A46D251AAB50BB00585D61 /* Sources */,
				F1A46D261AAB50BB00585D61 /* Frameworks */,
				F1A46D271AAB50BB00585D61 /* Resources */,
			);
			buildRules = (
			);
			dependencies = (
				F1A46D2B1AAB50BB00585D61 /* PBXTargetDependency */,
			);
			name = CocoaHeadsNLTests;
			productName = CocoaHeadsNLTests;
			productReference = F1A46D291AAB50BB00585D61 /* CocoaHeadsNLTests.xctest */;
			productType = "com.apple.product-type.bundle.unit-test";
		};
/* End PBXNativeTarget section */

/* Begin PBXProject section */
		F1A46D0A1AAB50BB00585D61 /* Project object */ = {
			isa = PBXProject;
			attributes = {
				LastSwiftMigration = 0700;
				LastSwiftUpdateCheck = 0700;
				LastUpgradeCheck = 0700;
				ORGANIZATIONNAME = "Stichting CocoaheadsNL";
				TargetAttributes = {
					F1A46D111AAB50BB00585D61 = {
						CreatedOnToolsVersion = 6.1.1;
						DevelopmentTeam = D55PL7PU7S;
						SystemCapabilities = {
							com.apple.BackgroundModes = {
								enabled = 0;
							};
							com.apple.Maps.iOS = {
								enabled = 1;
							};
						};
					};
					F1A46D281AAB50BB00585D61 = {
						CreatedOnToolsVersion = 6.1.1;
						TestTargetID = F1A46D111AAB50BB00585D61;
					};
				};
			};
			buildConfigurationList = F1A46D0D1AAB50BB00585D61 /* Build configuration list for PBXProject "CocoaHeadsNL" */;
			compatibilityVersion = "Xcode 3.2";
			developmentRegion = English;
			hasScannedForEncodings = 0;
			knownRegions = (
				en,
				Base,
			);
			mainGroup = F1A46D091AAB50BB00585D61;
			productRefGroup = F1A46D131AAB50BB00585D61 /* Products */;
			projectDirPath = "";
			projectRoot = "";
			targets = (
				F1A46D111AAB50BB00585D61 /* CocoaHeadsNL */,
				F1A46D281AAB50BB00585D61 /* CocoaHeadsNLTests */,
			);
		};
/* End PBXProject section */

/* Begin PBXResourcesBuildPhase section */
		F1A46D101AAB50BB00585D61 /* Resources */ = {
			isa = PBXResourcesBuildPhase;
			buildActionMask = 2147483647;
			files = (
				4A83A4AE1AAD8A290085416A /* ParseConfig.plist in Resources */,
				4A1978C21AAD8681000E281F /* Settings.bundle in Resources */,
				F1A46D1F1AAB50BB00585D61 /* Main.storyboard in Resources */,
				F1A46D241AAB50BB00585D61 /* LaunchScreen.xib in Resources */,
				7B6A744B1B1495FF00A10762 /* MeetupCell.xib in Resources */,
				F1A46D211AAB50BB00585D61 /* Images.xcassets in Resources */,
			);
			runOnlyForDeploymentPostprocessing = 0;
		};
		F1A46D271AAB50BB00585D61 /* Resources */ = {
			isa = PBXResourcesBuildPhase;
			buildActionMask = 2147483647;
			files = (
			);
			runOnlyForDeploymentPostprocessing = 0;
		};
/* End PBXResourcesBuildPhase section */

/* Begin PBXShellScriptBuildPhase section */
		3910D079CE63A3847D51D0F8 /* Check Pods Manifest.lock */ = {
			isa = PBXShellScriptBuildPhase;
			buildActionMask = 2147483647;
			files = (
			);
			inputPaths = (
			);
			name = "Check Pods Manifest.lock";
			outputPaths = (
			);
			runOnlyForDeploymentPostprocessing = 0;
			shellPath = /bin/sh;
			shellScript = "diff \"${PODS_ROOT}/../Podfile.lock\" \"${PODS_ROOT}/Manifest.lock\" > /dev/null\nif [[ $? != 0 ]] ; then\n    cat << EOM\nerror: The sandbox is not in sync with the Podfile.lock. Run 'pod install' or update your CocoaPods installation.\nEOM\n    exit 1\nfi\n";
			showEnvVarsInLog = 0;
		};
		484D9C0BBDD7B737044AFDBF /* Set version number */ = {
			isa = PBXShellScriptBuildPhase;
			buildActionMask = 2147483647;
			files = (
			);
			inputPaths = (
			);
			name = "Set version number";
			outputPaths = (
			);
			runOnlyForDeploymentPostprocessing = 0;
			shellPath = /bin/sh;
			shellScript = "git=$(sh /etc/profile; which git)\ngit_release_version=$(\"$git\" describe --tags --always --abbrev=0)\nnumber_of_commits=$(\"$git\" rev-list master | wc -l | tr -d ' ')\ntarget_plist=\"$TARGET_BUILD_DIR/$INFOPLIST_PATH\"\ndsym_plist=\"$DWARF_DSYM_FOLDER_PATH/$DWARF_DSYM_FILE_NAME/Contents/Info.plist\"\n\nfor plist in \"$target_plist\" \"$dsym_plist\"; do\nif [ -f \"$plist\" ]; then\n/usr/libexec/PlistBuddy -c \"Set :CFBundleVersion $number_of_commits\" \"$plist\"\n/usr/libexec/PlistBuddy -c \"Set :CFBundleShortVersionString ${git_release_version#*v}\" \"$plist\"\nfi\ndone\n\n\n";
		};
		487CB34F98164857DD1383B2 /* Warn for TODO and FIXME comments */ = {
			isa = PBXShellScriptBuildPhase;
			buildActionMask = 2147483647;
			files = (
			);
			inputPaths = (
			);
			name = "Warn for TODO and FIXME comments";
			outputPaths = (
			);
			runOnlyForDeploymentPostprocessing = 0;
			shellPath = /bin/sh;
			shellScript = "KEYWORDS=\"TODO:|FIXME:|\\?\\?\\?:|\\!\\!\\!:\"\nFILE_EXTENSIONS=\"swift|h|m|mm|c|cpp\"\nfind -E \"${SRCROOT}\" -ipath \"${SRCROOT}/pods\" -prune -o \\( -regex \".*\\.($FILE_EXTENSIONS)$\" \\) -print0 | xargs -0 egrep --with-filename --line-number --only-matching \"($KEYWORDS).*\\$\" | perl -p -e \"s/($KEYWORDS)/ warning: \\$1/\"\n";
		};
		4A83A4AF1AAD8CE70085416A /* Upload Symbolication info to Parse.com */ = {
			isa = PBXShellScriptBuildPhase;
			buildActionMask = 12;
			files = (
			);
			inputPaths = (
			);
			name = "Upload Symbolication info to Parse.com";
			outputPaths = (
			);
			runOnlyForDeploymentPostprocessing = 0;
			shellPath = /bin/sh;
			shellScript = "echo \"Parse Crash Reporting\"\nexport PATH=/usr/local/bin:$PATH\nCLOUD_CODE_DIR=${PROJECT_DIR}/CloudCode\n\nif [ -d ${CLOUD_CODE_DIR} ]; then\ncd ${CLOUD_CODE_DIR}\nparse symbols --path=\"${DWARF_DSYM_FOLDER_PATH}/${DWARF_DSYM_FILE_NAME}\"\necho \"Finished uploading symbol\"\nelse\necho \"Unable to upload symbols\"\nfi";
		};
		727565FCCEFC1DF02A9848FC /* Copy Pods Resources */ = {
			isa = PBXShellScriptBuildPhase;
			buildActionMask = 2147483647;
			files = (
			);
			inputPaths = (
			);
			name = "Copy Pods Resources";
			outputPaths = (
			);
			runOnlyForDeploymentPostprocessing = 0;
			shellPath = /bin/sh;
			shellScript = "\"${SRCROOT}/Pods/Target Support Files/Pods/Pods-resources.sh\"\n";
			showEnvVarsInLog = 0;
		};
/* End PBXShellScriptBuildPhase section */

/* Begin PBXSourcesBuildPhase section */
		F1A46D0E1AAB50BB00585D61 /* Sources */ = {
			isa = PBXSourcesBuildPhase;
			buildActionMask = 2147483647;
			files = (
				7B6A74481B1452FD00A10762 /* MeetupCell.swift in Sources */,
				4A7EEAF11AC5440C001C2827 /* ModelObjects.swift in Sources */,
				7B6A74541B179B4E00A10762 /* LogoCell.swift in Sources */,
				7B6A74681B186C4A00A10762 /* AffiliateCell.swift in Sources */,
				F11E36281B1A570F000B61C0 /* CompanyTableViewController.swift in Sources */,
				F18BA8261B1D08DF00CB81CD /* CompanyHighLightCollectionViewCell.swift in Sources */,
				F166C3571B18A36D00D6F7FD /* JobsCollectionViewCell.swift in Sources */,
				F1A46D181AAB50BB00585D61 /* AppDelegate.swift in Sources */,
				7B6A74661B18666D00A10762 /* FetchAffiliateLinks.swift in Sources */,
				431C3D051B8F680400B0908E /* ContributorsViewController.swift in Sources */,
				7B6A745E1B183D7900A10762 /* MeetupDataSource.swift in Sources */,
				7B6A745C1B182E9C00A10762 /* DetailDataSource.swift in Sources */,
				7B6A74601B18406600A10762 /* JobDataSource.swift in Sources */,
				F11455BF1AB4E8DB00546D22 /* SplitViewController.swift in Sources */,
				F1108BAA1B1F618700C2164C /* LocatedCompaniesViewController.swift in Sources */,
				7B6A74621B18424800A10762 /* CompanyDataSource.swift in Sources */,
				F1CF120F1B8A0C0600EBCABC /* CoreLocationController.swift in Sources */,
				7B6A745A1B179BC000A10762 /* WebViewCell.swift in Sources */,
				7B6A744D1B149A6B00A10762 /* UIImage+Resize.swift in Sources */,
				F11455BB1AB4C8FB00546D22 /* MapAnnotation.swift in Sources */,
				239D41161B190FD000609105 /* CalendarTabImage.swift in Sources */,
				F11455B91AB4BA0600546D22 /* DetailViewController.swift in Sources */,
				7B6A744F1B162F8E00A10762 /* UIColor+Extensions.swift in Sources */,
				7B6A74491B1452FD00A10762 /* MeetupsViewController.swift in Sources */,
				F1A46D3D1AAB516300585D61 /* JobsViewController.swift in Sources */,
				7B6A74561B179B7D00A10762 /* MapViewCell.swift in Sources */,
				F11E362A1B1A572F000B61C0 /* CompanyHighLightViewController.swift in Sources */,
				7B6A74581B179B9C00A10762 /* TitleCell.swift in Sources */,
				F14335AB1AAF277C0007D009 /* CompaniesNearbyCollectionViewController.swift in Sources */,
				431C3D031B8F680400B0908E /* ContributorCell.swift in Sources */,
				F11455C11AB5024000546D22 /* TabBarController.swift in Sources */,
				F166C3551B189E1700D6F7FD /* CompaniesNearbyCollectionViewCell.swift in Sources */,
			);
			runOnlyForDeploymentPostprocessing = 0;
		};
		F1A46D251AAB50BB00585D61 /* Sources */ = {
			isa = PBXSourcesBuildPhase;
			buildActionMask = 2147483647;
			files = (
				F1A46D301AAB50BB00585D61 /* CocoaHeadsNLTests.swift in Sources */,
			);
			runOnlyForDeploymentPostprocessing = 0;
		};
/* End PBXSourcesBuildPhase section */

/* Begin PBXTargetDependency section */
		F1A46D2B1AAB50BB00585D61 /* PBXTargetDependency */ = {
			isa = PBXTargetDependency;
			target = F1A46D111AAB50BB00585D61 /* CocoaHeadsNL */;
			targetProxy = F1A46D2A1AAB50BB00585D61 /* PBXContainerItemProxy */;
		};
/* End PBXTargetDependency section */

/* Begin PBXVariantGroup section */
		F1A46D1D1AAB50BB00585D61 /* Main.storyboard */ = {
			isa = PBXVariantGroup;
			children = (
				F1A46D1E1AAB50BB00585D61 /* Base */,
			);
			name = Main.storyboard;
			sourceTree = "<group>";
		};
		F1A46D221AAB50BB00585D61 /* LaunchScreen.xib */ = {
			isa = PBXVariantGroup;
			children = (
				F1A46D231AAB50BB00585D61 /* Base */,
			);
			name = LaunchScreen.xib;
			sourceTree = "<group>";
		};
/* End PBXVariantGroup section */

/* Begin XCBuildConfiguration section */
		F1A46D311AAB50BB00585D61 /* Debug */ = {
			isa = XCBuildConfiguration;
			buildSettings = {
				ALWAYS_SEARCH_USER_PATHS = NO;
				CLANG_CXX_LANGUAGE_STANDARD = "gnu++0x";
				CLANG_CXX_LIBRARY = "libc++";
				CLANG_ENABLE_MODULES = YES;
				CLANG_ENABLE_OBJC_ARC = YES;
				CLANG_WARN_BOOL_CONVERSION = YES;
				CLANG_WARN_CONSTANT_CONVERSION = YES;
				CLANG_WARN_DEPRECATED_OBJC_IMPLEMENTATIONS = YES;
				CLANG_WARN_DIRECT_OBJC_ISA_USAGE = YES_ERROR;
				CLANG_WARN_EMPTY_BODY = YES;
				CLANG_WARN_ENUM_CONVERSION = YES;
				CLANG_WARN_IMPLICIT_SIGN_CONVERSION = YES;
				CLANG_WARN_INT_CONVERSION = YES;
				CLANG_WARN_OBJC_IMPLICIT_RETAIN_SELF = YES;
				CLANG_WARN_OBJC_ROOT_CLASS = YES_ERROR;
				CLANG_WARN_SUSPICIOUS_IMPLICIT_CONVERSION = YES;
				CLANG_WARN_UNREACHABLE_CODE = YES;
				CLANG_WARN__DUPLICATE_METHOD_MATCH = YES;
				CODE_SIGN_IDENTITY = "";
				"CODE_SIGN_IDENTITY[sdk=iphoneos*]" = "iPhone Developer";
				COPY_PHASE_STRIP = NO;
				ENABLE_STRICT_OBJC_MSGSEND = YES;
				ENABLE_TESTABILITY = YES;
				GCC_C_LANGUAGE_STANDARD = gnu99;
				GCC_DYNAMIC_NO_PIC = NO;
				GCC_OPTIMIZATION_LEVEL = 0;
				GCC_PREPROCESSOR_DEFINITIONS = (
					"DEBUG=1",
					"$(inherited)",
				);
				GCC_SYMBOLS_PRIVATE_EXTERN = NO;
				GCC_WARN_64_TO_32_BIT_CONVERSION = YES;
				GCC_WARN_ABOUT_DEPRECATED_FUNCTIONS = YES;
				GCC_WARN_ABOUT_MISSING_FIELD_INITIALIZERS = YES;
				GCC_WARN_ABOUT_MISSING_NEWLINE = YES;
				GCC_WARN_ABOUT_RETURN_TYPE = YES;
				GCC_WARN_CHECK_SWITCH_STATEMENTS = YES;
				GCC_WARN_INITIALIZER_NOT_FULLY_BRACKETED = YES;
				GCC_WARN_MISSING_PARENTHESES = YES;
				GCC_WARN_SHADOW = YES;
				GCC_WARN_SIGN_COMPARE = YES;
				GCC_WARN_TYPECHECK_CALLS_TO_PRINTF = YES;
				GCC_WARN_UNDECLARED_SELECTOR = YES;
				GCC_WARN_UNINITIALIZED_AUTOS = YES_AGGRESSIVE;
				GCC_WARN_UNUSED_FUNCTION = YES;
				GCC_WARN_UNUSED_LABEL = YES;
				GCC_WARN_UNUSED_VALUE = YES;
				GCC_WARN_UNUSED_VARIABLE = YES;
				IPHONEOS_DEPLOYMENT_TARGET = 8.1;
				MTL_ENABLE_DEBUG_INFO = YES;
				ONLY_ACTIVE_ARCH = YES;
				RUN_CLANG_STATIC_ANALYZER = YES;
				SDKROOT = iphoneos;
				SWIFT_OPTIMIZATION_LEVEL = "-Onone";
			};
			name = Debug;
		};
		F1A46D321AAB50BB00585D61 /* Release */ = {
			isa = XCBuildConfiguration;
			buildSettings = {
				ALWAYS_SEARCH_USER_PATHS = NO;
				CLANG_CXX_LANGUAGE_STANDARD = "gnu++0x";
				CLANG_CXX_LIBRARY = "libc++";
				CLANG_ENABLE_MODULES = YES;
				CLANG_ENABLE_OBJC_ARC = YES;
				CLANG_WARN_BOOL_CONVERSION = YES;
				CLANG_WARN_CONSTANT_CONVERSION = YES;
				CLANG_WARN_DEPRECATED_OBJC_IMPLEMENTATIONS = YES;
				CLANG_WARN_DIRECT_OBJC_ISA_USAGE = YES_ERROR;
				CLANG_WARN_EMPTY_BODY = YES;
				CLANG_WARN_ENUM_CONVERSION = YES;
				CLANG_WARN_IMPLICIT_SIGN_CONVERSION = YES;
				CLANG_WARN_INT_CONVERSION = YES;
				CLANG_WARN_OBJC_IMPLICIT_RETAIN_SELF = YES;
				CLANG_WARN_OBJC_ROOT_CLASS = YES_ERROR;
				CLANG_WARN_SUSPICIOUS_IMPLICIT_CONVERSION = YES;
				CLANG_WARN_UNREACHABLE_CODE = YES;
				CLANG_WARN__DUPLICATE_METHOD_MATCH = YES;
				CODE_SIGN_IDENTITY = "";
				"CODE_SIGN_IDENTITY[sdk=iphoneos*]" = "iPhone Developer";
				COPY_PHASE_STRIP = YES;
				ENABLE_NS_ASSERTIONS = NO;
				ENABLE_STRICT_OBJC_MSGSEND = YES;
				GCC_C_LANGUAGE_STANDARD = gnu99;
				GCC_WARN_64_TO_32_BIT_CONVERSION = YES;
				GCC_WARN_ABOUT_DEPRECATED_FUNCTIONS = YES;
				GCC_WARN_ABOUT_MISSING_FIELD_INITIALIZERS = YES;
				GCC_WARN_ABOUT_MISSING_NEWLINE = YES;
				GCC_WARN_ABOUT_RETURN_TYPE = YES;
				GCC_WARN_CHECK_SWITCH_STATEMENTS = YES;
				GCC_WARN_INITIALIZER_NOT_FULLY_BRACKETED = YES;
				GCC_WARN_MISSING_PARENTHESES = YES;
				GCC_WARN_SHADOW = YES;
				GCC_WARN_SIGN_COMPARE = YES;
				GCC_WARN_TYPECHECK_CALLS_TO_PRINTF = YES;
				GCC_WARN_UNDECLARED_SELECTOR = YES;
				GCC_WARN_UNINITIALIZED_AUTOS = YES_AGGRESSIVE;
				GCC_WARN_UNUSED_FUNCTION = YES;
				GCC_WARN_UNUSED_LABEL = YES;
				GCC_WARN_UNUSED_VALUE = YES;
				GCC_WARN_UNUSED_VARIABLE = YES;
				IPHONEOS_DEPLOYMENT_TARGET = 8.1;
				MTL_ENABLE_DEBUG_INFO = NO;
				RUN_CLANG_STATIC_ANALYZER = YES;
				SDKROOT = iphoneos;
				VALIDATE_PRODUCT = YES;
			};
			name = Release;
		};
		F1A46D341AAB50BB00585D61 /* Debug */ = {
			isa = XCBuildConfiguration;
			baseConfigurationReference = F6DAB6C2CE1C2A96434BAAE0 /* Pods.debug.xcconfig */;
			buildSettings = {
				ASSETCATALOG_COMPILER_APPICON_NAME = AppIcon;
				CLANG_ENABLE_MODULES = YES;
				CODE_SIGN_IDENTITY = "iPhone Developer";
				"CODE_SIGN_IDENTITY[sdk=iphoneos*]" = "iPhone Developer";
				INFOPLIST_FILE = CocoaHeadsNL/Info.plist;
				LD_RUNPATH_SEARCH_PATHS = "$(inherited) @executable_path/Frameworks";
				PRODUCT_BUNDLE_IDENTIFIER = "nl.cocoaheads.app.$(PRODUCT_NAME:rfc1034identifier)";
				PRODUCT_NAME = CocoaHeadsNL;
				PROVISIONING_PROFILE = "";
				STRIP_INSTALLED_PRODUCT = NO;
				SWIFT_OBJC_BRIDGING_HEADER = "CocoaHeadsNL/CocoaHeadsNL-Bridging-Header.h";
				SWIFT_OPTIMIZATION_LEVEL = "-Onone";
				TARGETED_DEVICE_FAMILY = 1;
			};
			name = Debug;
		};
		F1A46D351AAB50BB00585D61 /* Release */ = {
			isa = XCBuildConfiguration;
			baseConfigurationReference = 4436EC308BD555A87E5A96C1 /* Pods.release.xcconfig */;
			buildSettings = {
				ASSETCATALOG_COMPILER_APPICON_NAME = AppIcon;
				CLANG_ENABLE_MODULES = YES;
				CODE_SIGN_IDENTITY = "iPhone Developer";
				"CODE_SIGN_IDENTITY[sdk=iphoneos*]" = "iPhone Developer";
				GCC_TREAT_WARNINGS_AS_ERRORS = YES;
				INFOPLIST_FILE = CocoaHeadsNL/Info.plist;
				LD_RUNPATH_SEARCH_PATHS = "$(inherited) @executable_path/Frameworks";
				PRODUCT_BUNDLE_IDENTIFIER = "nl.cocoaheads.app.$(PRODUCT_NAME:rfc1034identifier)";
				PRODUCT_NAME = CocoaHeadsNL;
				PROVISIONING_PROFILE = "f7926840-757e-45cb-bfe9-dd3d782c7592";
				STRIP_INSTALLED_PRODUCT = NO;
				SWIFT_OBJC_BRIDGING_HEADER = "CocoaHeadsNL/CocoaHeadsNL-Bridging-Header.h";
				TARGETED_DEVICE_FAMILY = 1;
			};
			name = Release;
		};
		F1A46D371AAB50BB00585D61 /* Debug */ = {
			isa = XCBuildConfiguration;
			buildSettings = {
				BUNDLE_LOADER = "$(TEST_HOST)";
				FRAMEWORK_SEARCH_PATHS = (
					"$(SDKROOT)/Developer/Library/Frameworks",
					"$(inherited)",
				);
				GCC_PREPROCESSOR_DEFINITIONS = (
					"DEBUG=1",
					"$(inherited)",
				);
				INFOPLIST_FILE = CocoaHeadsNLTests/Info.plist;
				LD_RUNPATH_SEARCH_PATHS = "$(inherited) @executable_path/Frameworks @loader_path/Frameworks";
				PRODUCT_BUNDLE_IDENTIFIER = "nl.cocoaheads.app.$(PRODUCT_NAME:rfc1034identifier)";
				PRODUCT_NAME = CocoaHeadsNLTests;
				TEST_HOST = "$(BUILT_PRODUCTS_DIR)/CocoaHeadsNL.app/CocoaHeadsNL";
			};
			name = Debug;
		};
		F1A46D381AAB50BB00585D61 /* Release */ = {
			isa = XCBuildConfiguration;
			buildSettings = {
				BUNDLE_LOADER = "$(TEST_HOST)";
				FRAMEWORK_SEARCH_PATHS = (
					"$(SDKROOT)/Developer/Library/Frameworks",
					"$(inherited)",
				);
				INFOPLIST_FILE = CocoaHeadsNLTests/Info.plist;
				LD_RUNPATH_SEARCH_PATHS = "$(inherited) @executable_path/Frameworks @loader_path/Frameworks";
				PRODUCT_BUNDLE_IDENTIFIER = "nl.cocoaheads.app.$(PRODUCT_NAME:rfc1034identifier)";
				PRODUCT_NAME = CocoaHeadsNLTests;
				TEST_HOST = "$(BUILT_PRODUCTS_DIR)/CocoaHeadsNL.app/CocoaHeadsNL";
			};
			name = Release;
		};
/* End XCBuildConfiguration section */

/* Begin XCConfigurationList section */
		F1A46D0D1AAB50BB00585D61 /* Build configuration list for PBXProject "CocoaHeadsNL" */ = {
			isa = XCConfigurationList;
			buildConfigurations = (
				F1A46D311AAB50BB00585D61 /* Debug */,
				F1A46D321AAB50BB00585D61 /* Release */,
			);
			defaultConfigurationIsVisible = 0;
			defaultConfigurationName = Release;
		};
		F1A46D331AAB50BB00585D61 /* Build configuration list for PBXNativeTarget "CocoaHeadsNL" */ = {
			isa = XCConfigurationList;
			buildConfigurations = (
				F1A46D341AAB50BB00585D61 /* Debug */,
				F1A46D351AAB50BB00585D61 /* Release */,
			);
			defaultConfigurationIsVisible = 0;
			defaultConfigurationName = Release;
		};
		F1A46D361AAB50BB00585D61 /* Build configuration list for PBXNativeTarget "CocoaHeadsNLTests" */ = {
			isa = XCConfigurationList;
			buildConfigurations = (
				F1A46D371AAB50BB00585D61 /* Debug */,
				F1A46D381AAB50BB00585D61 /* Release */,
			);
			defaultConfigurationIsVisible = 0;
			defaultConfigurationName = Release;
		};
/* End XCConfigurationList section */
	};
	rootObject = F1A46D0A1AAB50BB00585D61 /* Project object */;
}
