PODS:
  - Bolts/Tasks (1.1.5)
  - Parse (1.7.2.1):
    - Bolts/Tasks (>= 1.1.5)
  - ParseCrashReporting (1.7.2.1):
    - Bolts/Tasks (>= 1.1.5)
    - Parse (~> 1.7.2)
  - ParseUI (1.1.3):
    - Parse (~> 1.7)

DEPENDENCIES:
  - ParseCrashReporting
  - ParseUI

SPEC CHECKSUMS:
  Bolts: aac24961496d504aa56fc267cde95162a71bac39
  Parse: 8213b05b52768b34b87e1e41fd9efc88a9933f3f
  ParseCrashReporting: 61afccb3eb470e564db34ba81fd44ea77f0e3e07
  ParseUI: 1a68e9cebc3bd458eed9605ce7b33d7cc082f473

COCOAPODS: 0.36.3
