PODS:
  - Bolts/Tasks (1.3.0)
  - Parse (1.9.0):
    - Bolts/Tasks (>= 1.3.0)
  - ParseCrashReporting (1.9.0):
    - Bolts/Tasks (>= 1.2.2)
    - Parse (~> 1.9.0)
  - ParseUI (1.1.6):
    - Bolts/Tasks (~> 1.2)
    - Parse (~> 1.8)

DEPENDENCIES:
  - ParseCrashReporting
  - ParseUI

SPEC CHECKSUMS:
  Bolts: 805a4a87413e49d4a0c2b7d469084cbc46b09342
  Parse: 712efbc476d4f47b0f96b70db7e53101575753aa
  ParseCrashReporting: dacad1847e54a9e9494d57eca70656406bfd4b9f
  ParseUI: 8a22e448c03f825203d8c379c80523517f68baa3

COCOAPODS: 0.39.0
