// !$*UTF8*$!
{
	archiveVersion = 1;
	classes = {
	};
	objectVersion = 46;
	objects = {

/* Begin PBXBuildFile section */
		15B4D9EE4028962710AB4791 /* libPods.a in Frameworks */ = {isa = PBXBuildFile; fileRef = 4DCDA2041B10335EFBDE05AF /* libPods.a */; };
		4A1978C21AAD8681000E281F /* Settings.bundle in Resources */ = {isa = PBXBuildFile; fileRef = 4A1978C11AAD8681000E281F /* Settings.bundle */; };
		4A306C421AC42011007E3B7B /* AffiliateTableViewController.swift in Sources */ = {isa = PBXBuildFile; fileRef = 4A306C411AC42011007E3B7B /* AffiliateTableViewController.swift */; };
		4A7EEAF11AC5440C001C2827 /* ModelObjects.swift in Sources */ = {isa = PBXBuildFile; fileRef = 4A7EEAF01AC5440C001C2827 /* ModelObjects.swift */; };
		4A83A4AE1AAD8A290085416A /* ParseConfig.plist in Resources */ = {isa = PBXBuildFile; fileRef = 4A83A4AD1AAD8A290085416A /* ParseConfig.plist */; };
		4AF8899F1AAD908000D8DB2E /* MainViewController.swift in Sources */ = {isa = PBXBuildFile; fileRef = 4AF8899E1AAD908000D8DB2E /* MainViewController.swift */; };
		F11455B91AB4BA0600546D22 /* DetailTableViewController.swift in Sources */ = {isa = PBXBuildFile; fileRef = F11455B81AB4BA0600546D22 /* DetailTableViewController.swift */; };
		F11455BB1AB4C8FB00546D22 /* MapAnnotation.swift in Sources */ = {isa = PBXBuildFile; fileRef = F11455BA1AB4C8FB00546D22 /* MapAnnotation.swift */; };
		F11455BF1AB4E8DB00546D22 /* SplitViewController.swift in Sources */ = {isa = PBXBuildFile; fileRef = F11455BE1AB4E8DB00546D22 /* SplitViewController.swift */; };
		F11455C11AB5024000546D22 /* TabBarController.swift in Sources */ = {isa = PBXBuildFile; fileRef = F11455C01AB5024000546D22 /* TabBarController.swift */; };
		F14335AB1AAF277C0007D009 /* LocationListViewController.swift in Sources */ = {isa = PBXBuildFile; fileRef = F14335AA1AAF277C0007D009 /* LocationListViewController.swift */; };
		F17A38771ABF3B62005CFF8A /* MapKit.framework in Frameworks */ = {isa = PBXBuildFile; fileRef = F17A38761ABF3B62005CFF8A /* MapKit.framework */; };
		F17DF6301AB0D203003663D0 /* CocoaHeads.png in Resources */ = {isa = PBXBuildFile; fileRef = F17DF62F1AB0D203003663D0 /* CocoaHeads.png */; };
		F18A11D01AB1883100D226BD /* calendar-7.png in Resources */ = {isa = PBXBuildFile; fileRef = F18A11CF1AB1883100D226BD /* calendar-7.png */; };
		F18A11D21AB1885D00D226BD /* file-document-7.png in Resources */ = {isa = PBXBuildFile; fileRef = F18A11D11AB1885D00D226BD /* file-document-7.png */; };
		F18A11D41AB1889700D226BD /* note-write-7.png in Resources */ = {isa = PBXBuildFile; fileRef = F18A11D31AB1889700D226BD /* note-write-7.png */; };
		F18A11D61AB188AF00D226BD /* paper-map-7.png in Resources */ = {isa = PBXBuildFile; fileRef = F18A11D51AB188AF00D226BD /* paper-map-7.png */; };
		F18A11D81AB188BD00D226BD /* pin-map-7.png in Resources */ = {isa = PBXBuildFile; fileRef = F18A11D71AB188BD00D226BD /* pin-map-7.png */; };
		F1A46D181AAB50BB00585D61 /* AppDelegate.swift in Sources */ = {isa = PBXBuildFile; fileRef = F1A46D171AAB50BB00585D61 /* AppDelegate.swift */; };
		F1A46D1F1AAB50BB00585D61 /* Main.storyboard in Resources */ = {isa = PBXBuildFile; fileRef = F1A46D1D1AAB50BB00585D61 /* Main.storyboard */; };
		F1A46D211AAB50BB00585D61 /* Images.xcassets in Resources */ = {isa = PBXBuildFile; fileRef = F1A46D201AAB50BB00585D61 /* Images.xcassets */; };
		F1A46D241AAB50BB00585D61 /* LaunchScreen.xib in Resources */ = {isa = PBXBuildFile; fileRef = F1A46D221AAB50BB00585D61 /* LaunchScreen.xib */; };
		F1A46D301AAB50BB00585D61 /* CocoaHeadsNLTests.swift in Sources */ = {isa = PBXBuildFile; fileRef = F1A46D2F1AAB50BB00585D61 /* CocoaHeadsNLTests.swift */; };
		F1A46D3D1AAB516300585D61 /* JobsViewController.swift in Sources */ = {isa = PBXBuildFile; fileRef = F1A46D3C1AAB516300585D61 /* JobsViewController.swift */; };
/* End PBXBuildFile section */

/* Begin PBXContainerItemProxy section */
		F1A46D2A1AAB50BB00585D61 /* PBXContainerItemProxy */ = {
			isa = PBXContainerItemProxy;
			containerPortal = F1A46D0A1AAB50BB00585D61 /* Project object */;
			proxyType = 1;
			remoteGlobalIDString = F1A46D111AAB50BB00585D61;
			remoteInfo = CocoaHeadsNL;
		};
/* End PBXContainerItemProxy section */

/* Begin PBXFileReference section */
		4436EC308BD555A87E5A96C1 /* Pods.release.xcconfig */ = {isa = PBXFileReference; includeInIndex = 1; lastKnownFileType = text.xcconfig; name = Pods.release.xcconfig; path = "Pods/Target Support Files/Pods/Pods.release.xcconfig"; sourceTree = "<group>"; };
		4A1978C11AAD8681000E281F /* Settings.bundle */ = {isa = PBXFileReference; lastKnownFileType = "wrapper.plug-in"; path = Settings.bundle; sourceTree = "<group>"; };
		4A306C411AC42011007E3B7B /* AffiliateTableViewController.swift */ = {isa = PBXFileReference; fileEncoding = 4; lastKnownFileType = sourcecode.swift; path = AffiliateTableViewController.swift; sourceTree = "<group>"; };
		4A7EEAF01AC5440C001C2827 /* ModelObjects.swift */ = {isa = PBXFileReference; fileEncoding = 4; lastKnownFileType = sourcecode.swift; path = ModelObjects.swift; sourceTree = "<group>"; };
		4A83A4AD1AAD8A290085416A /* ParseConfig.plist */ = {isa = PBXFileReference; fileEncoding = 4; lastKnownFileType = text.plist.xml; path = ParseConfig.plist; sourceTree = "<group>"; };
		4AF8899A1AAD8EBC00D8DB2E /* CocoaHeadsNL-Bridging-Header.h */ = {isa = PBXFileReference; lastKnownFileType = sourcecode.c.h; path = "CocoaHeadsNL-Bridging-Header.h"; sourceTree = "<group>"; };
		4AF8899E1AAD908000D8DB2E /* MainViewController.swift */ = {isa = PBXFileReference; fileEncoding = 4; lastKnownFileType = sourcecode.swift; path = MainViewController.swift; sourceTree = "<group>"; };
		4DCDA2041B10335EFBDE05AF /* libPods.a */ = {isa = PBXFileReference; explicitFileType = archive.ar; includeInIndex = 0; path = libPods.a; sourceTree = BUILT_PRODUCTS_DIR; };
		F11455B81AB4BA0600546D22 /* DetailTableViewController.swift */ = {isa = PBXFileReference; fileEncoding = 4; lastKnownFileType = sourcecode.swift; path = DetailTableViewController.swift; sourceTree = "<group>"; };
		F11455BA1AB4C8FB00546D22 /* MapAnnotation.swift */ = {isa = PBXFileReference; fileEncoding = 4; lastKnownFileType = sourcecode.swift; path = MapAnnotation.swift; sourceTree = "<group>"; };
		F11455BE1AB4E8DB00546D22 /* SplitViewController.swift */ = {isa = PBXFileReference; fileEncoding = 4; lastKnownFileType = sourcecode.swift; path = SplitViewController.swift; sourceTree = "<group>"; };
		F11455C01AB5024000546D22 /* TabBarController.swift */ = {isa = PBXFileReference; fileEncoding = 4; lastKnownFileType = sourcecode.swift; path = TabBarController.swift; sourceTree = "<group>"; };
		F14335AA1AAF277C0007D009 /* LocationListViewController.swift */ = {isa = PBXFileReference; fileEncoding = 4; lastKnownFileType = sourcecode.swift; path = LocationListViewController.swift; sourceTree = "<group>"; };
		F17A38761ABF3B62005CFF8A /* MapKit.framework */ = {isa = PBXFileReference; lastKnownFileType = wrapper.framework; name = MapKit.framework; path = System/Library/Frameworks/MapKit.framework; sourceTree = SDKROOT; };
		F17DF62F1AB0D203003663D0 /* CocoaHeads.png */ = {isa = PBXFileReference; lastKnownFileType = image.png; path = CocoaHeads.png; sourceTree = "<group>"; };
		F18A11CF1AB1883100D226BD /* calendar-7.png */ = {isa = PBXFileReference; lastKnownFileType = image.png; path = "calendar-7.png"; sourceTree = "<group>"; };
		F18A11D11AB1885D00D226BD /* file-document-7.png */ = {isa = PBXFileReference; lastKnownFileType = image.png; path = "file-document-7.png"; sourceTree = "<group>"; };
		F18A11D31AB1889700D226BD /* note-write-7.png */ = {isa = PBXFileReference; lastKnownFileType = image.png; path = "note-write-7.png"; sourceTree = "<group>"; };
		F18A11D51AB188AF00D226BD /* paper-map-7.png */ = {isa = PBXFileReference; lastKnownFileType = image.png; path = "paper-map-7.png"; sourceTree = "<group>"; };
		F18A11D71AB188BD00D226BD /* pin-map-7.png */ = {isa = PBXFileReference; lastKnownFileType = image.png; path = "pin-map-7.png"; sourceTree = "<group>"; };
		F1A46D121AAB50BB00585D61 /* chnl.app */ = {isa = PBXFileReference; explicitFileType = wrapper.application; includeInIndex = 0; path = chnl.app; sourceTree = BUILT_PRODUCTS_DIR; };
		F1A46D161AAB50BB00585D61 /* Info.plist */ = {isa = PBXFileReference; lastKnownFileType = text.plist.xml; path = Info.plist; sourceTree = "<group>"; };
		F1A46D171AAB50BB00585D61 /* AppDelegate.swift */ = {isa = PBXFileReference; lastKnownFileType = sourcecode.swift; path = AppDelegate.swift; sourceTree = "<group>"; };
		F1A46D1E1AAB50BB00585D61 /* Base */ = {isa = PBXFileReference; lastKnownFileType = file.storyboard; name = Base; path = Base.lproj/Main.storyboard; sourceTree = "<group>"; };
		F1A46D201AAB50BB00585D61 /* Images.xcassets */ = {isa = PBXFileReference; lastKnownFileType = folder.assetcatalog; path = Images.xcassets; sourceTree = "<group>"; };
		F1A46D231AAB50BB00585D61 /* Base */ = {isa = PBXFileReference; lastKnownFileType = file.xib; name = Base; path = Base.lproj/LaunchScreen.xib; sourceTree = "<group>"; };
		F1A46D291AAB50BB00585D61 /* chnlTests.xctest */ = {isa = PBXFileReference; explicitFileType = wrapper.cfbundle; includeInIndex = 0; path = chnlTests.xctest; sourceTree = BUILT_PRODUCTS_DIR; };
		F1A46D2E1AAB50BB00585D61 /* Info.plist */ = {isa = PBXFileReference; lastKnownFileType = text.plist.xml; path = Info.plist; sourceTree = "<group>"; };
		F1A46D2F1AAB50BB00585D61 /* CocoaHeadsNLTests.swift */ = {isa = PBXFileReference; lastKnownFileType = sourcecode.swift; path = CocoaHeadsNLTests.swift; sourceTree = "<group>"; };
		F1A46D3C1AAB516300585D61 /* JobsViewController.swift */ = {isa = PBXFileReference; fileEncoding = 4; lastKnownFileType = sourcecode.swift; path = JobsViewController.swift; sourceTree = "<group>"; };
		F6DAB6C2CE1C2A96434BAAE0 /* Pods.debug.xcconfig */ = {isa = PBXFileReference; includeInIndex = 1; lastKnownFileType = text.xcconfig; name = Pods.debug.xcconfig; path = "Pods/Target Support Files/Pods/Pods.debug.xcconfig"; sourceTree = "<group>"; };
/* End PBXFileReference section */

/* Begin PBXFrameworksBuildPhase section */
		F1A46D0F1AAB50BB00585D61 /* Frameworks */ = {
			isa = PBXFrameworksBuildPhase;
			buildActionMask = 2147483647;
			files = (
				F17A38771ABF3B62005CFF8A /* MapKit.framework in Frameworks */,
				15B4D9EE4028962710AB4791 /* libPods.a in Frameworks */,
			);
			runOnlyForDeploymentPostprocessing = 0;
		};
		F1A46D261AAB50BB00585D61 /* Frameworks */ = {
			isa = PBXFrameworksBuildPhase;
			buildActionMask = 2147483647;
			files = (
			);
			runOnlyForDeploymentPostprocessing = 0;
		};
/* End PBXFrameworksBuildPhase section */

/* Begin PBXGroup section */
		4A13831E1AC7F83D00E0D41E /* Detail */ = {
			isa = PBXGroup;
			children = (
				F11455B81AB4BA0600546D22 /* DetailTableViewController.swift */,
			);
			name = Detail;
			sourceTree = "<group>";
		};
		5F94B32C0E46149D436AD3B3 /* Frameworks */ = {
			isa = PBXGroup;
			children = (
				F17A38761ABF3B62005CFF8A /* MapKit.framework */,
				4DCDA2041B10335EFBDE05AF /* libPods.a */,
			);
			name = Frameworks;
			sourceTree = "<group>";
		};
		D32210EB441EF5FCE54FC721 /* Pods */ = {
			isa = PBXGroup;
			children = (
				F6DAB6C2CE1C2A96434BAAE0 /* Pods.debug.xcconfig */,
				4436EC308BD555A87E5A96C1 /* Pods.release.xcconfig */,
			);
			name = Pods;
			sourceTree = "<group>";
		};
		F11455A81AB3256C00546D22 /* Jobs */ = {
			isa = PBXGroup;
			children = (
				F1A46D3C1AAB516300585D61 /* JobsViewController.swift */,
			);
			name = Jobs;
			sourceTree = "<group>";
		};
		F11455A91AB3257700546D22 /* Companies */ = {
			isa = PBXGroup;
			children = (
				F14335AA1AAF277C0007D009 /* LocationListViewController.swift */,
			);
			name = Companies;
			sourceTree = "<group>";
		};
		F11455BD1AB4E8C000546D22 /* Meetups */ = {
			isa = PBXGroup;
			children = (
				4AF8899E1AAD908000D8DB2E /* MainViewController.swift */,
			);
			name = Meetups;
			sourceTree = "<group>";
		};
		F16793841AE80B1F00FD15A3 /* AffilitiateController */ = {
			isa = PBXGroup;
			children = (
				4A306C411AC42011007E3B7B /* AffiliateTableViewController.swift */,
			);
			name = AffilitiateController;
			sourceTree = "<group>";
		};
		F18A11CC1AB186FE00D226BD /* Icons */ = {
			isa = PBXGroup;
			children = (
				F18A11CF1AB1883100D226BD /* calendar-7.png */,
				F18A11D11AB1885D00D226BD /* file-document-7.png */,
				F18A11D31AB1889700D226BD /* note-write-7.png */,
				F18A11D51AB188AF00D226BD /* paper-map-7.png */,
				F18A11D71AB188BD00D226BD /* pin-map-7.png */,
			);
			name = Icons;
			sourceTree = "<group>";
		};
		F1A46D091AAB50BB00585D61 = {
			isa = PBXGroup;
			children = (
				F1A46D141AAB50BB00585D61 /* CocoaHeadsNL */,
				F1A46D2C1AAB50BB00585D61 /* CocoaHeadsNLTests */,
				F1A46D131AAB50BB00585D61 /* Products */,
				D32210EB441EF5FCE54FC721 /* Pods */,
				5F94B32C0E46149D436AD3B3 /* Frameworks */,
			);
			indentWidth = 4;
			sourceTree = "<group>";
			tabWidth = 4;
			usesTabs = 0;
		};
		F1A46D131AAB50BB00585D61 /* Products */ = {
			isa = PBXGroup;
			children = (
				F1A46D121AAB50BB00585D61 /* chnl.app */,
				F1A46D291AAB50BB00585D61 /* chnlTests.xctest */,
			);
			name = Products;
			sourceTree = "<group>";
		};
		F1A46D141AAB50BB00585D61 /* CocoaHeadsNL */ = {
			isa = PBXGroup;
			children = (
				4A13831E1AC7F83D00E0D41E /* Detail */,
				F1A46D171AAB50BB00585D61 /* AppDelegate.swift */,
				F1A46D1D1AAB50BB00585D61 /* Main.storyboard */,
				F11455BE1AB4E8DB00546D22 /* SplitViewController.swift */,
				F11455C01AB5024000546D22 /* TabBarController.swift */,
				F11455BA1AB4C8FB00546D22 /* MapAnnotation.swift */,
				F11455BD1AB4E8C000546D22 /* Meetups */,
				F11455A91AB3257700546D22 /* Companies */,
				F11455A81AB3256C00546D22 /* Jobs */,
				F16793841AE80B1F00FD15A3 /* AffilitiateController */,
				F1A46D201AAB50BB00585D61 /* Images.xcassets */,
				F1A46D221AAB50BB00585D61 /* LaunchScreen.xib */,
				4A1978C11AAD8681000E281F /* Settings.bundle */,
				F1A46D151AAB50BB00585D61 /* Supporting Files */,
				4A83A4AD1AAD8A290085416A /* ParseConfig.plist */,
				4AF8899A1AAD8EBC00D8DB2E /* CocoaHeadsNL-Bridging-Header.h */,
				4A7EEAF01AC5440C001C2827 /* ModelObjects.swift */,
			);
			path = CocoaHeadsNL;
			sourceTree = "<group>";
		};
		F1A46D151AAB50BB00585D61 /* Supporting Files */ = {
			isa = PBXGroup;
			children = (
				F18A11CC1AB186FE00D226BD /* Icons */,
				F17DF62F1AB0D203003663D0 /* CocoaHeads.png */,
				F1A46D161AAB50BB00585D61 /* Info.plist */,
			);
			name = "Supporting Files";
			sourceTree = "<group>";
		};
		F1A46D2C1AAB50BB00585D61 /* CocoaHeadsNLTests */ = {
			isa = PBXGroup;
			children = (
				F1A46D2F1AAB50BB00585D61 /* CocoaHeadsNLTests.swift */,
				F1A46D2D1AAB50BB00585D61 /* Supporting Files */,
			);
			path = CocoaHeadsNLTests;
			sourceTree = "<group>";
		};
		F1A46D2D1AAB50BB00585D61 /* Supporting Files */ = {
			isa = PBXGroup;
			children = (
				F1A46D2E1AAB50BB00585D61 /* Info.plist */,
			);
			name = "Supporting Files";
			sourceTree = "<group>";
		};
/* End PBXGroup section */

/* Begin PBXNativeTarget section */
		F1A46D111AAB50BB00585D61 /* chnl */ = {
			isa = PBXNativeTarget;
			buildConfigurationList = F1A46D331AAB50BB00585D61 /* Build configuration list for PBXNativeTarget "chnl" */;
			buildPhases = (
				3910D079CE63A3847D51D0F8 /* Check Pods Manifest.lock */,
				F1A46D0E1AAB50BB00585D61 /* Sources */,
				F1A46D0F1AAB50BB00585D61 /* Frameworks */,
				F1A46D101AAB50BB00585D61 /* Resources */,
				727565FCCEFC1DF02A9848FC /* Copy Pods Resources */,
				4A83A4AF1AAD8CE70085416A /* Upload Symbolication info to Parse.com */,
				487CB34F98164857DD1383B2 /* Warn for TODO and FIXME comments */,
				484D9C0BBDD7B737044AFDBF /* Set version number */,
			);
			buildRules = (
			);
			dependencies = (
			);
			name = chnl;
			productName = CocoaHeadsNL;
			productReference = F1A46D121AAB50BB00585D61 /* chnl.app */;
			productType = "com.apple.product-type.application";
		};
		F1A46D281AAB50BB00585D61 /* chnlTests */ = {
			isa = PBXNativeTarget;
			buildConfigurationList = F1A46D361AAB50BB00585D61 /* Build configuration list for PBXNativeTarget "chnlTests" */;
			buildPhases = (
				F1A46D251AAB50BB00585D61 /* Sources */,
				F1A46D261AAB50BB00585D61 /* Frameworks */,
				F1A46D271AAB50BB00585D61 /* Resources */,
			);
			buildRules = (
			);
			dependencies = (
				F1A46D2B1AAB50BB00585D61 /* PBXTargetDependency */,
			);
			name = chnlTests;
			productName = CocoaHeadsNLTests;
			productReference = F1A46D291AAB50BB00585D61 /* chnlTests.xctest */;
			productType = "com.apple.product-type.bundle.unit-test";
		};
/* End PBXNativeTarget section */

/* Begin PBXProject section */
		F1A46D0A1AAB50BB00585D61 /* Project object */ = {
			isa = PBXProject;
			attributes = {
				LastUpgradeCheck = 0610;
				ORGANIZATIONNAME = "Stichting CocoaheadsNL";
				TargetAttributes = {
					F1A46D111AAB50BB00585D61 = {
						CreatedOnToolsVersion = 6.1.1;
						SystemCapabilities = {
							com.apple.Maps.iOS = {
								enabled = 1;
							};
						};
					};
					F1A46D281AAB50BB00585D61 = {
						CreatedOnToolsVersion = 6.1.1;
						TestTargetID = F1A46D111AAB50BB00585D61;
					};
				};
			};
			buildConfigurationList = F1A46D0D1AAB50BB00585D61 /* Build configuration list for PBXProject "chnl" */;
			compatibilityVersion = "Xcode 3.2";
			developmentRegion = English;
			hasScannedForEncodings = 0;
			knownRegions = (
				en,
				Base,
			);
			mainGroup = F1A46D091AAB50BB00585D61;
			productRefGroup = F1A46D131AAB50BB00585D61 /* Products */;
			projectDirPath = "";
			projectRoot = "";
			targets = (
				F1A46D111AAB50BB00585D61 /* chnl */,
				F1A46D281AAB50BB00585D61 /* chnlTests */,
			);
		};
/* End PBXProject section */

/* Begin PBXResourcesBuildPhase section */
		F1A46D101AAB50BB00585D61 /* Resources */ = {
			isa = PBXResourcesBuildPhase;
			buildActionMask = 2147483647;
			files = (
				F18A11D81AB188BD00D226BD /* pin-map-7.png in Resources */,
				4A83A4AE1AAD8A290085416A /* ParseConfig.plist in Resources */,
				4A1978C21AAD8681000E281F /* Settings.bundle in Resources */,
				F1A46D1F1AAB50BB00585D61 /* Main.storyboard in Resources */,
				F1A46D241AAB50BB00585D61 /* LaunchScreen.xib in Resources */,
				F18A11D41AB1889700D226BD /* note-write-7.png in Resources */,
				F18A11D61AB188AF00D226BD /* paper-map-7.png in Resources */,
				F18A11D01AB1883100D226BD /* calendar-7.png in Resources */,
				F1A46D211AAB50BB00585D61 /* Images.xcassets in Resources */,
				F18A11D21AB1885D00D226BD /* file-document-7.png in Resources */,
				F17DF6301AB0D203003663D0 /* CocoaHeads.png in Resources */,
			);
			runOnlyForDeploymentPostprocessing = 0;
		};
		F1A46D271AAB50BB00585D61 /* Resources */ = {
			isa = PBXResourcesBuildPhase;
			buildActionMask = 2147483647;
			files = (
			);
			runOnlyForDeploymentPostprocessing = 0;
		};
/* End PBXResourcesBuildPhase section */

/* Begin PBXShellScriptBuildPhase section */
		3910D079CE63A3847D51D0F8 /* Check Pods Manifest.lock */ = {
			isa = PBXShellScriptBuildPhase;
			buildActionMask = 2147483647;
			files = (
			);
			inputPaths = (
			);
			name = "Check Pods Manifest.lock";
			outputPaths = (
			);
			runOnlyForDeploymentPostprocessing = 0;
			shellPath = /bin/sh;
			shellScript = "diff \"${PODS_ROOT}/../Podfile.lock\" \"${PODS_ROOT}/Manifest.lock\" > /dev/null\nif [[ $? != 0 ]] ; then\n    cat << EOM\nerror: The sandbox is not in sync with the Podfile.lock. Run 'pod install' or update your CocoaPods installation.\nEOM\n    exit 1\nfi\n";
			showEnvVarsInLog = 0;
		};
		484D9C0BBDD7B737044AFDBF /* Set version number */ = {
			isa = PBXShellScriptBuildPhase;
			buildActionMask = 2147483647;
			files = (
			);
			inputPaths = (
			);
			name = "Set version number";
			outputPaths = (
			);
			runOnlyForDeploymentPostprocessing = 0;
			shellPath = /bin/sh;
			shellScript = "git=$(sh /etc/profile; which git)\ngit_release_version=$(\"$git\" describe --tags --always --abbrev=0)\nnumber_of_commits=$(\"$git\" rev-list master | wc -l | tr -d ' ')\ntarget_plist=\"$TARGET_BUILD_DIR/$INFOPLIST_PATH\"\ndsym_plist=\"$DWARF_DSYM_FOLDER_PATH/$DWARF_DSYM_FILE_NAME/Contents/Info.plist\"\n\nfor plist in \"$target_plist\" \"$dsym_plist\"; do\n  if [ -f \"$plist\" ]; then\n    /usr/libexec/PlistBuddy -c \"Set :CFBundleVersion $number_of_commits\" \"$plist\"\n    /usr/libexec/PlistBuddy -c \"Set :CFBundleShortVersionString ${git_release_version#*v}\" \"$plist\"\n  fi\ndone\n";
		};
		487CB34F98164857DD1383B2 /* Warn for TODO and FIXME comments */ = {
			isa = PBXShellScriptBuildPhase;
			buildActionMask = 2147483647;
			files = (
			);
			inputPaths = (
			);
			name = "Warn for TODO and FIXME comments";
			outputPaths = (
			);
			runOnlyForDeploymentPostprocessing = 0;
			shellPath = /bin/sh;
			shellScript = "KEYWORDS=\"TODO:|FIXME:|\\?\\?\\?:|\\!\\!\\!:\"\nFILE_EXTENSIONS=\"swift|h|m|mm|c|cpp\"\nfind -E \"${SRCROOT}\" -ipath \"${SRCROOT}/pods\" -prune -o \\( -regex \".*\\.($FILE_EXTENSIONS)$\" \\) -print0 | xargs -0 egrep --with-filename --line-number --only-matching \"($KEYWORDS).*\\$\" | perl -p -e \"s/($KEYWORDS)/ warning: \\$1/\"\n";
		};
		4A83A4AF1AAD8CE70085416A /* Upload Symbolication info to Parse.com */ = {
			isa = PBXShellScriptBuildPhase;
			buildActionMask = 12;
			files = (
			);
			inputPaths = (
			);
			name = "Upload Symbolication info to Parse.com";
			outputPaths = (
			);
			runOnlyForDeploymentPostprocessing = 0;
			shellPath = /bin/sh;
			shellScript = "export PATH=/usr/local/bin:$PATH\ncd CloudCode\n\nparse symbols \"${DWARF_DSYM_FOLDER_PATH}/${DWARF_DSYM_FILE_NAME}\"";
		};
		727565FCCEFC1DF02A9848FC /* Copy Pods Resources */ = {
			isa = PBXShellScriptBuildPhase;
			buildActionMask = 2147483647;
			files = (
			);
			inputPaths = (
			);
			name = "Copy Pods Resources";
			outputPaths = (
			);
			runOnlyForDeploymentPostprocessing = 0;
			shellPath = /bin/sh;
			shellScript = "\"${SRCROOT}/Pods/Target Support Files/Pods/Pods-resources.sh\"\n";
			showEnvVarsInLog = 0;
		};
/* End PBXShellScriptBuildPhase section */

/* Begin PBXSourcesBuildPhase section */
		F1A46D0E1AAB50BB00585D61 /* Sources */ = {
			isa = PBXSourcesBuildPhase;
			buildActionMask = 2147483647;
			files = (
				4A7EEAF11AC5440C001C2827 /* ModelObjects.swift in Sources */,
				F1A46D181AAB50BB00585D61 /* AppDelegate.swift in Sources */,
				F11455BF1AB4E8DB00546D22 /* SplitViewController.swift in Sources */,
				F11455BB1AB4C8FB00546D22 /* MapAnnotation.swift in Sources */,
				F11455B91AB4BA0600546D22 /* DetailTableViewController.swift in Sources */,
				F1A46D3D1AAB516300585D61 /* JobsViewController.swift in Sources */,
				F14335AB1AAF277C0007D009 /* LocationListViewController.swift in Sources */,
				F11455C11AB5024000546D22 /* TabBarController.swift in Sources */,
				4AF8899F1AAD908000D8DB2E /* MainViewController.swift in Sources */,
				4A306C421AC42011007E3B7B /* AffiliateTableViewController.swift in Sources */,
			);
			runOnlyForDeploymentPostprocessing = 0;
		};
		F1A46D251AAB50BB00585D61 /* Sources */ = {
			isa = PBXSourcesBuildPhase;
			buildActionMask = 2147483647;
			files = (
				F1A46D301AAB50BB00585D61 /* CocoaHeadsNLTests.swift in Sources */,
			);
			runOnlyForDeploymentPostprocessing = 0;
		};
/* End PBXSourcesBuildPhase section */

/* Begin PBXTargetDependency section */
		F1A46D2B1AAB50BB00585D61 /* PBXTargetDependency */ = {
			isa = PBXTargetDependency;
			target = F1A46D111AAB50BB00585D61 /* chnl */;
			targetProxy = F1A46D2A1AAB50BB00585D61 /* PBXContainerItemProxy */;
		};
/* End PBXTargetDependency section */

/* Begin PBXVariantGroup section */
		F1A46D1D1AAB50BB00585D61 /* Main.storyboard */ = {
			isa = PBXVariantGroup;
			children = (
				F1A46D1E1AAB50BB00585D61 /* Base */,
			);
			name = Main.storyboard;
			sourceTree = "<group>";
		};
		F1A46D221AAB50BB00585D61 /* LaunchScreen.xib */ = {
			isa = PBXVariantGroup;
			children = (
				F1A46D231AAB50BB00585D61 /* Base */,
			);
			name = LaunchScreen.xib;
			sourceTree = "<group>";
		};
/* End PBXVariantGroup section */

/* Begin XCBuildConfiguration section */
		F1A46D311AAB50BB00585D61 /* Debug */ = {
			isa = XCBuildConfiguration;
			buildSettings = {
				ALWAYS_SEARCH_USER_PATHS = NO;
				CLANG_CXX_LANGUAGE_STANDARD = "gnu++0x";
				CLANG_CXX_LIBRARY = "libc++";
				CLANG_ENABLE_MODULES = YES;
				CLANG_ENABLE_OBJC_ARC = YES;
				CLANG_WARN_BOOL_CONVERSION = YES;
				CLANG_WARN_CONSTANT_CONVERSION = YES;
				CLANG_WARN_DEPRECATED_OBJC_IMPLEMENTATIONS = YES;
				CLANG_WARN_DIRECT_OBJC_ISA_USAGE = YES_ERROR;
				CLANG_WARN_EMPTY_BODY = YES;
				CLANG_WARN_ENUM_CONVERSION = YES;
				CLANG_WARN_IMPLICIT_SIGN_CONVERSION = YES;
				CLANG_WARN_INT_CONVERSION = YES;
				CLANG_WARN_OBJC_IMPLICIT_RETAIN_SELF = YES;
				CLANG_WARN_OBJC_ROOT_CLASS = YES_ERROR;
				CLANG_WARN_SUSPICIOUS_IMPLICIT_CONVERSION = YES;
				CLANG_WARN_UNREACHABLE_CODE = YES;
				CLANG_WARN__DUPLICATE_METHOD_MATCH = YES;
				"CODE_SIGN_IDENTITY[sdk=iphoneos*]" = "iPhone Developer";
				COPY_PHASE_STRIP = NO;
				ENABLE_STRICT_OBJC_MSGSEND = YES;
				GCC_C_LANGUAGE_STANDARD = gnu99;
				GCC_DYNAMIC_NO_PIC = NO;
				GCC_OPTIMIZATION_LEVEL = 0;
				GCC_PREPROCESSOR_DEFINITIONS = (
					"DEBUG=1",
					"$(inherited)",
				);
				GCC_SYMBOLS_PRIVATE_EXTERN = NO;
				GCC_WARN_64_TO_32_BIT_CONVERSION = YES;
				GCC_WARN_ABOUT_DEPRECATED_FUNCTIONS = YES;
				GCC_WARN_ABOUT_MISSING_FIELD_INITIALIZERS = YES;
				GCC_WARN_ABOUT_MISSING_NEWLINE = YES;
				GCC_WARN_ABOUT_RETURN_TYPE = YES;
				GCC_WARN_CHECK_SWITCH_STATEMENTS = YES;
				GCC_WARN_INITIALIZER_NOT_FULLY_BRACKETED = YES;
				GCC_WARN_MISSING_PARENTHESES = YES;
				GCC_WARN_SHADOW = YES;
				GCC_WARN_SIGN_COMPARE = YES;
				GCC_WARN_TYPECHECK_CALLS_TO_PRINTF = YES;
				GCC_WARN_UNDECLARED_SELECTOR = YES;
				GCC_WARN_UNINITIALIZED_AUTOS = YES_AGGRESSIVE;
				GCC_WARN_UNUSED_FUNCTION = YES;
				GCC_WARN_UNUSED_LABEL = YES;
				GCC_WARN_UNUSED_VALUE = YES;
				GCC_WARN_UNUSED_VARIABLE = YES;
				IPHONEOS_DEPLOYMENT_TARGET = 8.1;
				MTL_ENABLE_DEBUG_INFO = YES;
				ONLY_ACTIVE_ARCH = YES;
				RUN_CLANG_STATIC_ANALYZER = YES;
				SDKROOT = iphoneos;
				SWIFT_OPTIMIZATION_LEVEL = "-Onone";
			};
			name = Debug;
		};
		F1A46D321AAB50BB00585D61 /* Release */ = {
			isa = XCBuildConfiguration;
			buildSettings = {
				ALWAYS_SEARCH_USER_PATHS = NO;
				CLANG_CXX_LANGUAGE_STANDARD = "gnu++0x";
				CLANG_CXX_LIBRARY = "libc++";
				CLANG_ENABLE_MODULES = YES;
				CLANG_ENABLE_OBJC_ARC = YES;
				CLANG_WARN_BOOL_CONVERSION = YES;
				CLANG_WARN_CONSTANT_CONVERSION = YES;
				CLANG_WARN_DEPRECATED_OBJC_IMPLEMENTATIONS = YES;
				CLANG_WARN_DIRECT_OBJC_ISA_USAGE = YES_ERROR;
				CLANG_WARN_EMPTY_BODY = YES;
				CLANG_WARN_ENUM_CONVERSION = YES;
				CLANG_WARN_IMPLICIT_SIGN_CONVERSION = YES;
				CLANG_WARN_INT_CONVERSION = YES;
				CLANG_WARN_OBJC_IMPLICIT_RETAIN_SELF = YES;
				CLANG_WARN_OBJC_ROOT_CLASS = YES_ERROR;
				CLANG_WARN_SUSPICIOUS_IMPLICIT_CONVERSION = YES;
				CLANG_WARN_UNREACHABLE_CODE = YES;
				CLANG_WARN__DUPLICATE_METHOD_MATCH = YES;
				"CODE_SIGN_IDENTITY[sdk=iphoneos*]" = "iPhone Developer";
				COPY_PHASE_STRIP = YES;
				ENABLE_NS_ASSERTIONS = NO;
				ENABLE_STRICT_OBJC_MSGSEND = YES;
				GCC_C_LANGUAGE_STANDARD = gnu99;
				GCC_WARN_64_TO_32_BIT_CONVERSION = YES;
				GCC_WARN_ABOUT_DEPRECATED_FUNCTIONS = YES;
				GCC_WARN_ABOUT_MISSING_FIELD_INITIALIZERS = YES;
				GCC_WARN_ABOUT_MISSING_NEWLINE = YES;
				GCC_WARN_ABOUT_RETURN_TYPE = YES;
				GCC_WARN_CHECK_SWITCH_STATEMENTS = YES;
				GCC_WARN_INITIALIZER_NOT_FULLY_BRACKETED = YES;
				GCC_WARN_MISSING_PARENTHESES = YES;
				GCC_WARN_SHADOW = YES;
				GCC_WARN_SIGN_COMPARE = YES;
				GCC_WARN_TYPECHECK_CALLS_TO_PRINTF = YES;
				GCC_WARN_UNDECLARED_SELECTOR = YES;
				GCC_WARN_UNINITIALIZED_AUTOS = YES_AGGRESSIVE;
				GCC_WARN_UNUSED_FUNCTION = YES;
				GCC_WARN_UNUSED_LABEL = YES;
				GCC_WARN_UNUSED_VALUE = YES;
				GCC_WARN_UNUSED_VARIABLE = YES;
				IPHONEOS_DEPLOYMENT_TARGET = 8.1;
				MTL_ENABLE_DEBUG_INFO = NO;
				RUN_CLANG_STATIC_ANALYZER = YES;
				SDKROOT = iphoneos;
				VALIDATE_PRODUCT = YES;
			};
			name = Release;
		};
		F1A46D341AAB50BB00585D61 /* Debug */ = {
			isa = XCBuildConfiguration;
			baseConfigurationReference = F6DAB6C2CE1C2A96434BAAE0 /* Pods.debug.xcconfig */;
			buildSettings = {
				ASSETCATALOG_COMPILER_APPICON_NAME = AppIcon;
				CLANG_ENABLE_MODULES = YES;
				CODE_SIGN_IDENTITY = "iPhone Developer";
				"CODE_SIGN_IDENTITY[sdk=iphoneos*]" = "iPhone Developer";
				INFOPLIST_FILE = CocoaHeadsNL/Info.plist;
				LD_RUNPATH_SEARCH_PATHS = "$(inherited) @executable_path/Frameworks";
				PRODUCT_NAME = chnl;
				PROVISIONING_PROFILE = "";
				STRIP_INSTALLED_PRODUCT = NO;
				SWIFT_OBJC_BRIDGING_HEADER = "CocoaHeadsNL/CocoaHeadsNL-Bridging-Header.h";
				SWIFT_OPTIMIZATION_LEVEL = "-Onone";
				TARGETED_DEVICE_FAMILY = "1,2";
			};
			name = Debug;
		};
		F1A46D351AAB50BB00585D61 /* Release */ = {
			isa = XCBuildConfiguration;
			baseConfigurationReference = 4436EC308BD555A87E5A96C1 /* Pods.release.xcconfig */;
			buildSettings = {
				ASSETCATALOG_COMPILER_APPICON_NAME = AppIcon;
				CLANG_ENABLE_MODULES = YES;
				CODE_SIGN_IDENTITY = "iPhone Developer";
				"CODE_SIGN_IDENTITY[sdk=iphoneos*]" = "iPhone Developer";
				GCC_TREAT_WARNINGS_AS_ERRORS = YES;
				INFOPLIST_FILE = CocoaHeadsNL/Info.plist;
				LD_RUNPATH_SEARCH_PATHS = "$(inherited) @executable_path/Frameworks";
				PRODUCT_NAME = chnl;
				PROVISIONING_PROFILE = "";
				STRIP_INSTALLED_PRODUCT = NO;
				SWIFT_OBJC_BRIDGING_HEADER = "CocoaHeadsNL/CocoaHeadsNL-Bridging-Header.h";
				TARGETED_DEVICE_FAMILY = "1,2";
			};
			name = Release;
		};
		F1A46D371AAB50BB00585D61 /* Debug */ = {
			isa = XCBuildConfiguration;
			buildSettings = {
				BUNDLE_LOADER = "$(TEST_HOST)";
				FRAMEWORK_SEARCH_PATHS = (
					"$(SDKROOT)/Developer/Library/Frameworks",
					"$(inherited)",
				);
				GCC_PREPROCESSOR_DEFINITIONS = (
					"DEBUG=1",
					"$(inherited)",
				);
				INFOPLIST_FILE = CocoaHeadsNLTests/Info.plist;
				LD_RUNPATH_SEARCH_PATHS = "$(inherited) @executable_path/Frameworks @loader_path/Frameworks";
				PRODUCT_NAME = chnlTests;
				TEST_HOST = "$(BUILT_PRODUCTS_DIR)/chnl.app/chnl";
			};
			name = Debug;
		};
		F1A46D381AAB50BB00585D61 /* Release */ = {
			isa = XCBuildConfiguration;
			buildSettings = {
				BUNDLE_LOADER = "$(TEST_HOST)";
				FRAMEWORK_SEARCH_PATHS = (
					"$(SDKROOT)/Developer/Library/Frameworks",
					"$(inherited)",
				);
				INFOPLIST_FILE = CocoaHeadsNLTests/Info.plist;
				LD_RUNPATH_SEARCH_PATHS = "$(inherited) @executable_path/Frameworks @loader_path/Frameworks";
				PRODUCT_NAME = chnlTests;
				TEST_HOST = "$(BUILT_PRODUCTS_DIR)/chnl.app/chnl";
			};
			name = Release;
		};
/* End XCBuildConfiguration section */

/* Begin XCConfigurationList section */
		F1A46D0D1AAB50BB00585D61 /* Build configuration list for PBXProject "chnl" */ = {
			isa = XCConfigurationList;
			buildConfigurations = (
				F1A46D311AAB50BB00585D61 /* Debug */,
				F1A46D321AAB50BB00585D61 /* Release */,
			);
			defaultConfigurationIsVisible = 0;
			defaultConfigurationName = Release;
		};
		F1A46D331AAB50BB00585D61 /* Build configuration list for PBXNativeTarget "chnl" */ = {
			isa = XCConfigurationList;
			buildConfigurations = (
				F1A46D341AAB50BB00585D61 /* Debug */,
				F1A46D351AAB50BB00585D61 /* Release */,
			);
			defaultConfigurationIsVisible = 0;
			defaultConfigurationName = Release;
		};
		F1A46D361AAB50BB00585D61 /* Build configuration list for PBXNativeTarget "chnlTests" */ = {
			isa = XCConfigurationList;
			buildConfigurations = (
				F1A46D371AAB50BB00585D61 /* Debug */,
				F1A46D381AAB50BB00585D61 /* Release */,
			);
			defaultConfigurationIsVisible = 0;
			defaultConfigurationName = Release;
		};
/* End XCConfigurationList section */
	};
	rootObject = F1A46D0A1AAB50BB00585D61 /* Project object */;
}
